// !$*UTF8*$!
{
	archiveVersion = 1;
	classes = {
	};
	objectVersion = 55;
	objects = {

/* Begin PBXBuildFile section */
		62CBF8A02874F6A900398B77 /* Notes WatchKit App.app in Embed Watch Content */ = {isa = PBXBuildFile; fileRef = 62CBF89F2874F6A900398B77 /* Notes WatchKit App.app */; settings = {ATTRIBUTES = (RemoveHeadersOnCopy, ); }; };
		62CBF8A52874F6AA00398B77 /* Assets.xcassets in Resources */ = {isa = PBXBuildFile; fileRef = 62CBF8A42874F6AA00398B77 /* Assets.xcassets */; };
		62CBF8AB2874F6AA00398B77 /* Notes WatchKit Extension.appex in Embed App Extensions */ = {isa = PBXBuildFile; fileRef = 62CBF8AA2874F6AA00398B77 /* Notes WatchKit Extension.appex */; settings = {ATTRIBUTES = (RemoveHeadersOnCopy, ); }; };
		62CBF8B02874F6AA00398B77 /* ContentView.swift in Sources */ = {isa = PBXBuildFile; fileRef = 62CBF8AF2874F6AA00398B77 /* ContentView.swift */; };
		62CBF8B22874F6AA00398B77 /* NotesApp.swift in Sources */ = {isa = PBXBuildFile; fileRef = 62CBF8B12874F6AA00398B77 /* NotesApp.swift */; };
		62CBF8B42874F6AA00398B77 /* ComplicationController.swift in Sources */ = {isa = PBXBuildFile; fileRef = 62CBF8B32874F6AA00398B77 /* ComplicationController.swift */; };
		62CBF8B62874F6AA00398B77 /* Assets.xcassets in Resources */ = {isa = PBXBuildFile; fileRef = 62CBF8B52874F6AA00398B77 /* Assets.xcassets */; };
		62CBF8B92874F6AA00398B77 /* Preview Assets.xcassets in Resources */ = {isa = PBXBuildFile; fileRef = 62CBF8B82874F6AA00398B77 /* Preview Assets.xcassets */; };
		62CBF8CB2874F86400398B77 /* Note.swift in Sources */ = {isa = PBXBuildFile; fileRef = 62CBF8CA2874F86400398B77 /* Note.swift */; };
		62FADC4E2875E0EE000B3698 /* DetailView.swift in Sources */ = {isa = PBXBuildFile; fileRef = 62FADC4D2875E0EE000B3698 /* DetailView.swift */; };
		62FADC502875E427000B3698 /* CreditsView.swift in Sources */ = {isa = PBXBuildFile; fileRef = 62FADC4F2875E427000B3698 /* CreditsView.swift */; };
		62FADC532875E4BC000B3698 /* HeaderView.swift in Sources */ = {isa = PBXBuildFile; fileRef = 62FADC522875E4BC000B3698 /* HeaderView.swift */; };
		62FADC552875E785000B3698 /* SettingsView.swift in Sources */ = {isa = PBXBuildFile; fileRef = 62FADC542875E785000B3698 /* SettingsView.swift */; };
/* End PBXBuildFile section */

/* Begin PBXContainerItemProxy section */
		62CBF8A12874F6A900398B77 /* PBXContainerItemProxy */ = {
			isa = PBXContainerItemProxy;
			containerPortal = 62CBF8952874F6A900398B77 /* Project object */;
			proxyType = 1;
			remoteGlobalIDString = 62CBF89E2874F6A900398B77;
			remoteInfo = "Notes WatchKit App";
		};
		62CBF8AC2874F6AA00398B77 /* PBXContainerItemProxy */ = {
			isa = PBXContainerItemProxy;
			containerPortal = 62CBF8952874F6A900398B77 /* Project object */;
			proxyType = 1;
			remoteGlobalIDString = 62CBF8A92874F6AA00398B77;
			remoteInfo = "Notes WatchKit Extension";
		};
/* End PBXContainerItemProxy section */

/* Begin PBXCopyFilesBuildPhase section */
		62CBF8C02874F6AA00398B77 /* Embed App Extensions */ = {
			isa = PBXCopyFilesBuildPhase;
			buildActionMask = 2147483647;
			dstPath = "";
			dstSubfolderSpec = 13;
			files = (
				62CBF8AB2874F6AA00398B77 /* Notes WatchKit Extension.appex in Embed App Extensions */,
			);
			name = "Embed App Extensions";
			runOnlyForDeploymentPostprocessing = 0;
		};
		62CBF8C42874F6AA00398B77 /* Embed Watch Content */ = {
			isa = PBXCopyFilesBuildPhase;
			buildActionMask = 2147483647;
			dstPath = "$(CONTENTS_FOLDER_PATH)/Watch";
			dstSubfolderSpec = 16;
			files = (
				62CBF8A02874F6A900398B77 /* Notes WatchKit App.app in Embed Watch Content */,
			);
			name = "Embed Watch Content";
			runOnlyForDeploymentPostprocessing = 0;
		};
/* End PBXCopyFilesBuildPhase section */

/* Begin PBXFileReference section */
		62CBF89B2874F6A900398B77 /* Notes.app */ = {isa = PBXFileReference; explicitFileType = wrapper.application; includeInIndex = 0; path = Notes.app; sourceTree = BUILT_PRODUCTS_DIR; };
		62CBF89F2874F6A900398B77 /* Notes WatchKit App.app */ = {isa = PBXFileReference; explicitFileType = wrapper.application; includeInIndex = 0; path = "Notes WatchKit App.app"; sourceTree = BUILT_PRODUCTS_DIR; };
		62CBF8A42874F6AA00398B77 /* Assets.xcassets */ = {isa = PBXFileReference; lastKnownFileType = folder.assetcatalog; path = Assets.xcassets; sourceTree = "<group>"; };
		62CBF8AA2874F6AA00398B77 /* Notes WatchKit Extension.appex */ = {isa = PBXFileReference; explicitFileType = "wrapper.app-extension"; includeInIndex = 0; path = "Notes WatchKit Extension.appex"; sourceTree = BUILT_PRODUCTS_DIR; };
		62CBF8AF2874F6AA00398B77 /* ContentView.swift */ = {isa = PBXFileReference; lastKnownFileType = sourcecode.swift; path = ContentView.swift; sourceTree = "<group>"; };
		62CBF8B12874F6AA00398B77 /* NotesApp.swift */ = {isa = PBXFileReference; lastKnownFileType = sourcecode.swift; path = NotesApp.swift; sourceTree = "<group>"; };
		62CBF8B32874F6AA00398B77 /* ComplicationController.swift */ = {isa = PBXFileReference; lastKnownFileType = sourcecode.swift; path = ComplicationController.swift; sourceTree = "<group>"; };
		62CBF8B52874F6AA00398B77 /* Assets.xcassets */ = {isa = PBXFileReference; lastKnownFileType = folder.assetcatalog; path = Assets.xcassets; sourceTree = "<group>"; };
		62CBF8B82874F6AA00398B77 /* Preview Assets.xcassets */ = {isa = PBXFileReference; lastKnownFileType = folder.assetcatalog; path = "Preview Assets.xcassets"; sourceTree = "<group>"; };
		62CBF8BA2874F6AA00398B77 /* Info.plist */ = {isa = PBXFileReference; lastKnownFileType = text.plist.xml; path = Info.plist; sourceTree = "<group>"; };
		62CBF8CA2874F86400398B77 /* Note.swift */ = {isa = PBXFileReference; lastKnownFileType = sourcecode.swift; path = Note.swift; sourceTree = "<group>"; };
		62FADC4D2875E0EE000B3698 /* DetailView.swift */ = {isa = PBXFileReference; lastKnownFileType = sourcecode.swift; path = DetailView.swift; sourceTree = "<group>"; };
		62FADC4F2875E427000B3698 /* CreditsView.swift */ = {isa = PBXFileReference; lastKnownFileType = sourcecode.swift; path = CreditsView.swift; sourceTree = "<group>"; };
		62FADC522875E4BC000B3698 /* HeaderView.swift */ = {isa = PBXFileReference; lastKnownFileType = sourcecode.swift; path = HeaderView.swift; sourceTree = "<group>"; };
		62FADC542875E785000B3698 /* SettingsView.swift */ = {isa = PBXFileReference; lastKnownFileType = sourcecode.swift; path = SettingsView.swift; sourceTree = "<group>"; };
/* End PBXFileReference section */

/* Begin PBXFrameworksBuildPhase section */
		62CBF8A72874F6AA00398B77 /* Frameworks */ = {
			isa = PBXFrameworksBuildPhase;
			buildActionMask = 2147483647;
			files = (
			);
			runOnlyForDeploymentPostprocessing = 0;
		};
/* End PBXFrameworksBuildPhase section */

/* Begin PBXGroup section */
		62CBF8942874F6A900398B77 = {
			isa = PBXGroup;
			children = (
				62CBF8A32874F6A900398B77 /* Notes WatchKit App */,
				62CBF8AE2874F6AA00398B77 /* Notes WatchKit Extension */,
				62CBF89C2874F6A900398B77 /* Products */,
			);
			sourceTree = "<group>";
		};
		62CBF89C2874F6A900398B77 /* Products */ = {
			isa = PBXGroup;
			children = (
				62CBF89B2874F6A900398B77 /* Notes.app */,
				62CBF89F2874F6A900398B77 /* Notes WatchKit App.app */,
				62CBF8AA2874F6AA00398B77 /* Notes WatchKit Extension.appex */,
			);
			name = Products;
			sourceTree = "<group>";
		};
		62CBF8A32874F6A900398B77 /* Notes WatchKit App */ = {
			isa = PBXGroup;
			children = (
				62CBF8A42874F6AA00398B77 /* Assets.xcassets */,
			);
			path = "Notes WatchKit App";
			sourceTree = "<group>";
		};
		62CBF8AE2874F6AA00398B77 /* Notes WatchKit Extension */ = {
			isa = PBXGroup;
			children = (
				62FADC512875E4AC000B3698 /* Component */,
				62CBF8BA2874F6AA00398B77 /* Info.plist */,
				62CBF8B32874F6AA00398B77 /* ComplicationController.swift */,
				62CBF8B12874F6AA00398B77 /* NotesApp.swift */,
				62CBF8B52874F6AA00398B77 /* Assets.xcassets */,
				62CBF8C92874F85300398B77 /* Model */,
				62CBF8C82874F84300398B77 /* Views */,
				62CBF8B72874F6AA00398B77 /* Preview Content */,
			);
			path = "Notes WatchKit Extension";
			sourceTree = "<group>";
		};
		62CBF8B72874F6AA00398B77 /* Preview Content */ = {
			isa = PBXGroup;
			children = (
				62CBF8B82874F6AA00398B77 /* Preview Assets.xcassets */,
			);
			path = "Preview Content";
			sourceTree = "<group>";
		};
		62CBF8C82874F84300398B77 /* Views */ = {
			isa = PBXGroup;
			children = (
				62CBF8AF2874F6AA00398B77 /* ContentView.swift */,
				62FADC4D2875E0EE000B3698 /* DetailView.swift */,
				62FADC4F2875E427000B3698 /* CreditsView.swift */,
				62FADC542875E785000B3698 /* SettingsView.swift */,
			);
			path = Views;
			sourceTree = "<group>";
		};
		62CBF8C92874F85300398B77 /* Model */ = {
			isa = PBXGroup;
			children = (
				62CBF8CA2874F86400398B77 /* Note.swift */,
			);
			path = Model;
			sourceTree = "<group>";
		};
		62FADC512875E4AC000B3698 /* Component */ = {
			isa = PBXGroup;
			children = (
				62FADC522875E4BC000B3698 /* HeaderView.swift */,
			);
			path = Component;
			sourceTree = "<group>";
		};
/* End PBXGroup section */

/* Begin PBXNativeTarget section */
		62CBF89A2874F6A900398B77 /* Notes */ = {
			isa = PBXNativeTarget;
			buildConfigurationList = 62CBF8C52874F6AA00398B77 /* Build configuration list for PBXNativeTarget "Notes" */;
			buildPhases = (
				62CBF8992874F6A900398B77 /* Resources */,
				62CBF8C42874F6AA00398B77 /* Embed Watch Content */,
			);
			buildRules = (
			);
			dependencies = (
				62CBF8A22874F6A900398B77 /* PBXTargetDependency */,
			);
			name = Notes;
			productName = Notes;
			productReference = 62CBF89B2874F6A900398B77 /* Notes.app */;
			productType = "com.apple.product-type.application.watchapp2-container";
		};
		62CBF89E2874F6A900398B77 /* Notes WatchKit App */ = {
			isa = PBXNativeTarget;
			buildConfigurationList = 62CBF8C12874F6AA00398B77 /* Build configuration list for PBXNativeTarget "Notes WatchKit App" */;
			buildPhases = (
				62CBF89D2874F6A900398B77 /* Resources */,
				62CBF8C02874F6AA00398B77 /* Embed App Extensions */,
			);
			buildRules = (
			);
			dependencies = (
				62CBF8AD2874F6AA00398B77 /* PBXTargetDependency */,
			);
			name = "Notes WatchKit App";
			productName = "Notes WatchKit App";
			productReference = 62CBF89F2874F6A900398B77 /* Notes WatchKit App.app */;
			productType = "com.apple.product-type.application.watchapp2";
		};
		62CBF8A92874F6AA00398B77 /* Notes WatchKit Extension */ = {
			isa = PBXNativeTarget;
			buildConfigurationList = 62CBF8BD2874F6AA00398B77 /* Build configuration list for PBXNativeTarget "Notes WatchKit Extension" */;
			buildPhases = (
				62CBF8A62874F6AA00398B77 /* Sources */,
				62CBF8A72874F6AA00398B77 /* Frameworks */,
				62CBF8A82874F6AA00398B77 /* Resources */,
			);
			buildRules = (
			);
			dependencies = (
			);
			name = "Notes WatchKit Extension";
			productName = "Notes WatchKit Extension";
			productReference = 62CBF8AA2874F6AA00398B77 /* Notes WatchKit Extension.appex */;
			productType = "com.apple.product-type.watchkit2-extension";
		};
/* End PBXNativeTarget section */

/* Begin PBXProject section */
		62CBF8952874F6A900398B77 /* Project object */ = {
			isa = PBXProject;
			attributes = {
				BuildIndependentTargetsInParallel = 1;
				LastSwiftUpdateCheck = 1330;
				LastUpgradeCheck = 1330;
				TargetAttributes = {
					62CBF89A2874F6A900398B77 = {
						CreatedOnToolsVersion = 13.3;
					};
					62CBF89E2874F6A900398B77 = {
						CreatedOnToolsVersion = 13.3;
					};
					62CBF8A92874F6AA00398B77 = {
						CreatedOnToolsVersion = 13.3;
					};
				};
			};
			buildConfigurationList = 62CBF8982874F6A900398B77 /* Build configuration list for PBXProject "Notes" */;
			compatibilityVersion = "Xcode 13.0";
			developmentRegion = en;
			hasScannedForEncodings = 0;
			knownRegions = (
				en,
				Base,
			);
			mainGroup = 62CBF8942874F6A900398B77;
			productRefGroup = 62CBF89C2874F6A900398B77 /* Products */;
			projectDirPath = "";
			projectRoot = "";
			targets = (
				62CBF89A2874F6A900398B77 /* Notes */,
				62CBF89E2874F6A900398B77 /* Notes WatchKit App */,
				62CBF8A92874F6AA00398B77 /* Notes WatchKit Extension */,
			);
		};
/* End PBXProject section */

/* Begin PBXResourcesBuildPhase section */
		62CBF8992874F6A900398B77 /* Resources */ = {
			isa = PBXResourcesBuildPhase;
			buildActionMask = 2147483647;
			files = (
			);
			runOnlyForDeploymentPostprocessing = 0;
		};
		62CBF89D2874F6A900398B77 /* Resources */ = {
			isa = PBXResourcesBuildPhase;
			buildActionMask = 2147483647;
			files = (
				62CBF8A52874F6AA00398B77 /* Assets.xcassets in Resources */,
			);
			runOnlyForDeploymentPostprocessing = 0;
		};
		62CBF8A82874F6AA00398B77 /* Resources */ = {
			isa = PBXResourcesBuildPhase;
			buildActionMask = 2147483647;
			files = (
				62CBF8B92874F6AA00398B77 /* Preview Assets.xcassets in Resources */,
				62CBF8B62874F6AA00398B77 /* Assets.xcassets in Resources */,
			);
			runOnlyForDeploymentPostprocessing = 0;
		};
/* End PBXResourcesBuildPhase section */

/* Begin PBXSourcesBuildPhase section */
		62CBF8A62874F6AA00398B77 /* Sources */ = {
			isa = PBXSourcesBuildPhase;
			buildActionMask = 2147483647;
			files = (
				62CBF8B02874F6AA00398B77 /* ContentView.swift in Sources */,
				62FADC552875E785000B3698 /* SettingsView.swift in Sources */,
				62CBF8B22874F6AA00398B77 /* NotesApp.swift in Sources */,
				62CBF8B42874F6AA00398B77 /* ComplicationController.swift in Sources */,
				62FADC502875E427000B3698 /* CreditsView.swift in Sources */,
				62FADC4E2875E0EE000B3698 /* DetailView.swift in Sources */,
				62CBF8CB2874F86400398B77 /* Note.swift in Sources */,
				62FADC532875E4BC000B3698 /* HeaderView.swift in Sources */,
			);
			runOnlyForDeploymentPostprocessing = 0;
		};
/* End PBXSourcesBuildPhase section */

/* Begin PBXTargetDependency section */
		62CBF8A22874F6A900398B77 /* PBXTargetDependency */ = {
			isa = PBXTargetDependency;
			target = 62CBF89E2874F6A900398B77 /* Notes WatchKit App */;
			targetProxy = 62CBF8A12874F6A900398B77 /* PBXContainerItemProxy */;
		};
		62CBF8AD2874F6AA00398B77 /* PBXTargetDependency */ = {
			isa = PBXTargetDependency;
			target = 62CBF8A92874F6AA00398B77 /* Notes WatchKit Extension */;
			targetProxy = 62CBF8AC2874F6AA00398B77 /* PBXContainerItemProxy */;
		};
/* End PBXTargetDependency section */

/* Begin XCBuildConfiguration section */
		62CBF8BB2874F6AA00398B77 /* Debug */ = {
			isa = XCBuildConfiguration;
			buildSettings = {
				ALWAYS_SEARCH_USER_PATHS = NO;
				CLANG_ANALYZER_NONNULL = YES;
				CLANG_ANALYZER_NUMBER_OBJECT_CONVERSION = YES_AGGRESSIVE;
				CLANG_CXX_LANGUAGE_STANDARD = "gnu++17";
				CLANG_ENABLE_MODULES = YES;
				CLANG_ENABLE_OBJC_ARC = YES;
				CLANG_ENABLE_OBJC_WEAK = YES;
				CLANG_WARN_BLOCK_CAPTURE_AUTORELEASING = YES;
				CLANG_WARN_BOOL_CONVERSION = YES;
				CLANG_WARN_COMMA = YES;
				CLANG_WARN_CONSTANT_CONVERSION = YES;
				CLANG_WARN_DEPRECATED_OBJC_IMPLEMENTATIONS = YES;
				CLANG_WARN_DIRECT_OBJC_ISA_USAGE = YES_ERROR;
				CLANG_WARN_DOCUMENTATION_COMMENTS = YES;
				CLANG_WARN_EMPTY_BODY = YES;
				CLANG_WARN_ENUM_CONVERSION = YES;
				CLANG_WARN_INFINITE_RECURSION = YES;
				CLANG_WARN_INT_CONVERSION = YES;
				CLANG_WARN_NON_LITERAL_NULL_CONVERSION = YES;
				CLANG_WARN_OBJC_IMPLICIT_RETAIN_SELF = YES;
				CLANG_WARN_OBJC_LITERAL_CONVERSION = YES;
				CLANG_WARN_OBJC_ROOT_CLASS = YES_ERROR;
				CLANG_WARN_QUOTED_INCLUDE_IN_FRAMEWORK_HEADER = YES;
				CLANG_WARN_RANGE_LOOP_ANALYSIS = YES;
				CLANG_WARN_STRICT_PROTOTYPES = YES;
				CLANG_WARN_SUSPICIOUS_MOVE = YES;
				CLANG_WARN_UNGUARDED_AVAILABILITY = YES_AGGRESSIVE;
				CLANG_WARN_UNREACHABLE_CODE = YES;
				CLANG_WARN__DUPLICATE_METHOD_MATCH = YES;
				COPY_PHASE_STRIP = NO;
				DEBUG_INFORMATION_FORMAT = dwarf;
				ENABLE_STRICT_OBJC_MSGSEND = YES;
				ENABLE_TESTABILITY = YES;
				GCC_C_LANGUAGE_STANDARD = gnu11;
				GCC_DYNAMIC_NO_PIC = NO;
				GCC_NO_COMMON_BLOCKS = YES;
				GCC_OPTIMIZATION_LEVEL = 0;
				GCC_PREPROCESSOR_DEFINITIONS = (
					"DEBUG=1",
					"$(inherited)",
				);
				GCC_WARN_64_TO_32_BIT_CONVERSION = YES;
				GCC_WARN_ABOUT_RETURN_TYPE = YES_ERROR;
				GCC_WARN_UNDECLARED_SELECTOR = YES;
				GCC_WARN_UNINITIALIZED_AUTOS = YES_AGGRESSIVE;
				GCC_WARN_UNUSED_FUNCTION = YES;
				GCC_WARN_UNUSED_VARIABLE = YES;
				MTL_ENABLE_DEBUG_INFO = INCLUDE_SOURCE;
				MTL_FAST_MATH = YES;
				ONLY_ACTIVE_ARCH = YES;
				SDKROOT = iphoneos;
				SWIFT_ACTIVE_COMPILATION_CONDITIONS = DEBUG;
				SWIFT_OPTIMIZATION_LEVEL = "-Onone";
			};
			name = Debug;
		};
		62CBF8BC2874F6AA00398B77 /* Release */ = {
			isa = XCBuildConfiguration;
			buildSettings = {
				ALWAYS_SEARCH_USER_PATHS = NO;
				CLANG_ANALYZER_NONNULL = YES;
				CLANG_ANALYZER_NUMBER_OBJECT_CONVERSION = YES_AGGRESSIVE;
				CLANG_CXX_LANGUAGE_STANDARD = "gnu++17";
				CLANG_ENABLE_MODULES = YES;
				CLANG_ENABLE_OBJC_ARC = YES;
				CLANG_ENABLE_OBJC_WEAK = YES;
				CLANG_WARN_BLOCK_CAPTURE_AUTORELEASING = YES;
				CLANG_WARN_BOOL_CONVERSION = YES;
				CLANG_WARN_COMMA = YES;
				CLANG_WARN_CONSTANT_CONVERSION = YES;
				CLANG_WARN_DEPRECATED_OBJC_IMPLEMENTATIONS = YES;
				CLANG_WARN_DIRECT_OBJC_ISA_USAGE = YES_ERROR;
				CLANG_WARN_DOCUMENTATION_COMMENTS = YES;
				CLANG_WARN_EMPTY_BODY = YES;
				CLANG_WARN_ENUM_CONVERSION = YES;
				CLANG_WARN_INFINITE_RECURSION = YES;
				CLANG_WARN_INT_CONVERSION = YES;
				CLANG_WARN_NON_LITERAL_NULL_CONVERSION = YES;
				CLANG_WARN_OBJC_IMPLICIT_RETAIN_SELF = YES;
				CLANG_WARN_OBJC_LITERAL_CONVERSION = YES;
				CLANG_WARN_OBJC_ROOT_CLASS = YES_ERROR;
				CLANG_WARN_QUOTED_INCLUDE_IN_FRAMEWORK_HEADER = YES;
				CLANG_WARN_RANGE_LOOP_ANALYSIS = YES;
				CLANG_WARN_STRICT_PROTOTYPES = YES;
				CLANG_WARN_SUSPICIOUS_MOVE = YES;
				CLANG_WARN_UNGUARDED_AVAILABILITY = YES_AGGRESSIVE;
				CLANG_WARN_UNREACHABLE_CODE = YES;
				CLANG_WARN__DUPLICATE_METHOD_MATCH = YES;
				COPY_PHASE_STRIP = NO;
				DEBUG_INFORMATION_FORMAT = "dwarf-with-dsym";
				ENABLE_NS_ASSERTIONS = NO;
				ENABLE_STRICT_OBJC_MSGSEND = YES;
				GCC_C_LANGUAGE_STANDARD = gnu11;
				GCC_NO_COMMON_BLOCKS = YES;
				GCC_WARN_64_TO_32_BIT_CONVERSION = YES;
				GCC_WARN_ABOUT_RETURN_TYPE = YES_ERROR;
				GCC_WARN_UNDECLARED_SELECTOR = YES;
				GCC_WARN_UNINITIALIZED_AUTOS = YES_AGGRESSIVE;
				GCC_WARN_UNUSED_FUNCTION = YES;
				GCC_WARN_UNUSED_VARIABLE = YES;
				MTL_ENABLE_DEBUG_INFO = NO;
				MTL_FAST_MATH = YES;
				SDKROOT = iphoneos;
				SWIFT_COMPILATION_MODE = wholemodule;
				SWIFT_OPTIMIZATION_LEVEL = "-O";
				VALIDATE_PRODUCT = YES;
			};
			name = Release;
		};
		62CBF8BE2874F6AA00398B77 /* Debug */ = {
			isa = XCBuildConfiguration;
			buildSettings = {
				ASSETCATALOG_COMPILER_COMPLICATION_NAME = Complication;
				CODE_SIGN_STYLE = Automatic;
				CURRENT_PROJECT_VERSION = 1;
				DEVELOPMENT_ASSET_PATHS = "\"Notes WatchKit Extension/Preview Content\"";
				ENABLE_PREVIEWS = YES;
				GENERATE_INFOPLIST_FILE = YES;
				INFOPLIST_FILE = "Notes WatchKit Extension/Info.plist";
				INFOPLIST_KEY_CFBundleDisplayName = "Notes WatchKit Extension";
				INFOPLIST_KEY_CLKComplicationPrincipalClass = "$(PRODUCT_MODULE_NAME).ComplicationController";
				INFOPLIST_KEY_NSHumanReadableCopyright = "";
				INFOPLIST_KEY_WKWatchOnly = YES;
				LD_RUNPATH_SEARCH_PATHS = (
					"$(inherited)",
					"@executable_path/Frameworks",
					"@executable_path/../../Frameworks",
				);
				MARKETING_VERSION = 1.0;
				PRODUCT_BUNDLE_IDENTIFIER = com.mw.Notes.watchkitapp.watchkitextension;
				PRODUCT_NAME = "${TARGET_NAME}";
				SDKROOT = watchos;
				SKIP_INSTALL = YES;
				SWIFT_EMIT_LOC_STRINGS = YES;
				SWIFT_VERSION = 5.0;
				TARGETED_DEVICE_FAMILY = 4;
				WATCHOS_DEPLOYMENT_TARGET = 8.5;
			};
			name = Debug;
		};
		62CBF8BF2874F6AA00398B77 /* Release */ = {
			isa = XCBuildConfiguration;
			buildSettings = {
				ASSETCATALOG_COMPILER_COMPLICATION_NAME = Complication;
				CODE_SIGN_STYLE = Automatic;
				CURRENT_PROJECT_VERSION = 1;
				DEVELOPMENT_ASSET_PATHS = "\"Notes WatchKit Extension/Preview Content\"";
				ENABLE_PREVIEWS = YES;
				GENERATE_INFOPLIST_FILE = YES;
				INFOPLIST_FILE = "Notes WatchKit Extension/Info.plist";
				INFOPLIST_KEY_CFBundleDisplayName = "Notes WatchKit Extension";
				INFOPLIST_KEY_CLKComplicationPrincipalClass = "$(PRODUCT_MODULE_NAME).ComplicationController";
				INFOPLIST_KEY_NSHumanReadableCopyright = "";
				INFOPLIST_KEY_WKWatchOnly = YES;
				LD_RUNPATH_SEARCH_PATHS = (
					"$(inherited)",
					"@executable_path/Frameworks",
					"@executable_path/../../Frameworks",
				);
				MARKETING_VERSION = 1.0;
				PRODUCT_BUNDLE_IDENTIFIER = com.mw.Notes.watchkitapp.watchkitextension;
				PRODUCT_NAME = "${TARGET_NAME}";
				SDKROOT = watchos;
				SKIP_INSTALL = YES;
				SWIFT_EMIT_LOC_STRINGS = YES;
				SWIFT_VERSION = 5.0;
				TARGETED_DEVICE_FAMILY = 4;
				WATCHOS_DEPLOYMENT_TARGET = 8.5;
			};
			name = Release;
		};
		62CBF8C22874F6AA00398B77 /* Debug */ = {
			isa = XCBuildConfiguration;
			buildSettings = {
				ALWAYS_EMBED_SWIFT_STANDARD_LIBRARIES = YES;
				ASSETCATALOG_COMPILER_APPICON_NAME = AppIcon;
				ASSETCATALOG_COMPILER_GLOBAL_ACCENT_COLOR_NAME = AccentColor;
				CODE_SIGN_STYLE = Automatic;
				CURRENT_PROJECT_VERSION = 1;
				GENERATE_INFOPLIST_FILE = YES;
				IBSC_MODULE = Notes_WatchKit_Extension;
				INFOPLIST_KEY_CFBundleDisplayName = "Notes WatchKit App";
				INFOPLIST_KEY_UISupportedInterfaceOrientations = "UIInterfaceOrientationPortrait UIInterfaceOrientationPortraitUpsideDown";
				MARKETING_VERSION = 1.0;
				PRODUCT_BUNDLE_IDENTIFIER = com.mw.Notes.watchkitapp;
				PRODUCT_NAME = "$(TARGET_NAME)";
				SDKROOT = watchos;
				SKIP_INSTALL = YES;
				SWIFT_EMIT_LOC_STRINGS = YES;
				SWIFT_VERSION = 5.0;
				TARGETED_DEVICE_FAMILY = 4;
				WATCHOS_DEPLOYMENT_TARGET = 8.5;
			};
			name = Debug;
		};
		62CBF8C32874F6AA00398B77 /* Release */ = {
			isa = XCBuildConfiguration;
			buildSettings = {
				ALWAYS_EMBED_SWIFT_STANDARD_LIBRARIES = YES;
				ASSETCATALOG_COMPILER_APPICON_NAME = AppIcon;
				ASSETCATALOG_COMPILER_GLOBAL_ACCENT_COLOR_NAME = AccentColor;
				CODE_SIGN_STYLE = Automatic;
				CURRENT_PROJECT_VERSION = 1;
				GENERATE_INFOPLIST_FILE = YES;
				IBSC_MODULE = Notes_WatchKit_Extension;
				INFOPLIST_KEY_CFBundleDisplayName = "Notes WatchKit App";
				INFOPLIST_KEY_UISupportedInterfaceOrientations = "UIInterfaceOrientationPortrait UIInterfaceOrientationPortraitUpsideDown";
				MARKETING_VERSION = 1.0;
				PRODUCT_BUNDLE_IDENTIFIER = com.mw.Notes.watchkitapp;
				PRODUCT_NAME = "$(TARGET_NAME)";
				SDKROOT = watchos;
				SKIP_INSTALL = YES;
				SWIFT_EMIT_LOC_STRINGS = YES;
				SWIFT_VERSION = 5.0;
				TARGETED_DEVICE_FAMILY = 4;
				WATCHOS_DEPLOYMENT_TARGET = 8.5;
			};
			name = Release;
		};
		62CBF8C62874F6AA00398B77 /* Debug */ = {
			isa = XCBuildConfiguration;
			buildSettings = {
				CODE_SIGN_STYLE = Automatic;
				CURRENT_PROJECT_VERSION = 1;
				MARKETING_VERSION = 1.0;
				PRODUCT_BUNDLE_IDENTIFIER = com.mw.Notes;
				PRODUCT_NAME = "$(TARGET_NAME)";
				SWIFT_VERSION = 5.0;
			};
			name = Debug;
		};
		62CBF8C72874F6AA00398B77 /* Release */ = {
			isa = XCBuildConfiguration;
			buildSettings = {
				CODE_SIGN_STYLE = Automatic;
				CURRENT_PROJECT_VERSION = 1;
				MARKETING_VERSION = 1.0;
				PRODUCT_BUNDLE_IDENTIFIER = com.mw.Notes;
				PRODUCT_NAME = "$(TARGET_NAME)";
				SWIFT_VERSION = 5.0;
			};
			name = Release;
		};
/* End XCBuildConfiguration section */

/* Begin XCConfigurationList section */
		62CBF8982874F6A900398B77 /* Build configuration list for PBXProject "Notes" */ = {
			isa = XCConfigurationList;
			buildConfigurations = (
				62CBF8BB2874F6AA00398B77 /* Debug */,
				62CBF8BC2874F6AA00398B77 /* Release */,
			);
			defaultConfigurationIsVisible = 0;
			defaultConfigurationName = Release;
		};
		62CBF8BD2874F6AA00398B77 /* Build configuration list for PBXNativeTarget "Notes WatchKit Extension" */ = {
			isa = XCConfigurationList;
			buildConfigurations = (
				62CBF8BE2874F6AA00398B77 /* Debug */,
				62CBF8BF2874F6AA00398B77 /* Release */,
			);
			defaultConfigurationIsVisible = 0;
			defaultConfigurationName = Release;
		};
		62CBF8C12874F6AA00398B77 /* Build configuration list for PBXNativeTarget "Notes WatchKit App" */ = {
			isa = XCConfigurationList;
			buildConfigurations = (
				62CBF8C22874F6AA00398B77 /* Debug */,
				62CBF8C32874F6AA00398B77 /* Release */,
			);
			defaultConfigurationIsVisible = 0;
			defaultConfigurationName = Release;
		};
		62CBF8C52874F6AA00398B77 /* Build configuration list for PBXNativeTarget "Notes" */ = {
			isa = XCConfigurationList;
			buildConfigurations = (
				62CBF8C62874F6AA00398B77 /* Debug */,
				62CBF8C72874F6AA00398B77 /* Release */,
			);
			defaultConfigurationIsVisible = 0;
			defaultConfigurationName = Release;
		};
/* End XCConfigurationList section */
	};
	rootObject = 62CBF8952874F6A900398B77 /* Project object */;
}
