// !$*UTF8*$!
{
	archiveVersion = 1;
	classes = {
	};
	objectVersion = 55;
	objects = {

/* Begin PBXBuildFile section */
		28343B7B286B5F1F006B313D /* FructusApp.swift in Sources */ = {isa = PBXBuildFile; fileRef = 28343B7A286B5F1F006B313D /* FructusApp.swift */; };
		28343B7D286B5F1F006B313D /* ContentView.swift in Sources */ = {isa = PBXBuildFile; fileRef = 28343B7C286B5F1F006B313D /* ContentView.swift */; };
		28343B7F286B5F21006B313D /* Assets.xcassets in Resources */ = {isa = PBXBuildFile; fileRef = 28343B7E286B5F21006B313D /* Assets.xcassets */; };
		28343B82286B5F21006B313D /* Preview Assets.xcassets in Resources */ = {isa = PBXBuildFile; fileRef = 28343B81286B5F21006B313D /* Preview Assets.xcassets */; };
		28343B8B286B670C006B313D /* FruitCardView.swift in Sources */ = {isa = PBXBuildFile; fileRef = 28343B8A286B670C006B313D /* FruitCardView.swift */; };
		28343B8D286B6B61006B313D /* StartButtonView.swift in Sources */ = {isa = PBXBuildFile; fileRef = 28343B8C286B6B61006B313D /* StartButtonView.swift */; };
		28343B8F286B6E75006B313D /* OnboardingView.swift in Sources */ = {isa = PBXBuildFile; fileRef = 28343B8E286B6E75006B313D /* OnboardingView.swift */; };
		28692FCB286B7041005FE818 /* FruitModel.swift in Sources */ = {isa = PBXBuildFile; fileRef = 28692FCA286B7041005FE818 /* FruitModel.swift */; };
		28692FCE286B7126005FE818 /* FruitData.swift in Sources */ = {isa = PBXBuildFile; fileRef = 28692FCD286B7126005FE818 /* FruitData.swift */; };
		28692FD0286B78C3005FE818 /* FruitRowView.swift in Sources */ = {isa = PBXBuildFile; fileRef = 28692FCF286B78C3005FE818 /* FruitRowView.swift */; };
		28692FD2286B7CAD005FE818 /* FruitDetailView.swift in Sources */ = {isa = PBXBuildFile; fileRef = 28692FD1286B7CAD005FE818 /* FruitDetailView.swift */; };
		28692FD4286B8091005FE818 /* FruitHeaderView.swift in Sources */ = {isa = PBXBuildFile; fileRef = 28692FD3286B8091005FE818 /* FruitHeaderView.swift */; };
		28692FD6286B82EC005FE818 /* SourceLinkView.swift in Sources */ = {isa = PBXBuildFile; fileRef = 28692FD5286B82EC005FE818 /* SourceLinkView.swift */; };
		28D2C1FD286B850900C0EB50 /* FruitNutrientsView.swift in Sources */ = {isa = PBXBuildFile; fileRef = 28D2C1FC286B850900C0EB50 /* FruitNutrientsView.swift */; };
		28D2C1FF286B96E700C0EB50 /* SettingsView.swift in Sources */ = {isa = PBXBuildFile; fileRef = 28D2C1FE286B96E700C0EB50 /* SettingsView.swift */; };
		28D2C201286B9AFA00C0EB50 /* SettingsLabelView.swift in Sources */ = {isa = PBXBuildFile; fileRef = 28D2C200286B9AFA00C0EB50 /* SettingsLabelView.swift */; };
		28D2C203286B9DF800C0EB50 /* SettingsRowView.swift in Sources */ = {isa = PBXBuildFile; fileRef = 28D2C202286B9DF800C0EB50 /* SettingsRowView.swift */; };
/* End PBXBuildFile section */

/* Begin PBXFileReference section */
		28343B77286B5F1F006B313D /* Fructus.app */ = {isa = PBXFileReference; explicitFileType = wrapper.application; includeInIndex = 0; path = Fructus.app; sourceTree = BUILT_PRODUCTS_DIR; };
		28343B7A286B5F1F006B313D /* FructusApp.swift */ = {isa = PBXFileReference; lastKnownFileType = sourcecode.swift; path = FructusApp.swift; sourceTree = "<group>"; };
		28343B7C286B5F1F006B313D /* ContentView.swift */ = {isa = PBXFileReference; lastKnownFileType = sourcecode.swift; path = ContentView.swift; sourceTree = "<group>"; };
		28343B7E286B5F21006B313D /* Assets.xcassets */ = {isa = PBXFileReference; lastKnownFileType = folder.assetcatalog; path = Assets.xcassets; sourceTree = "<group>"; };
		28343B81286B5F21006B313D /* Preview Assets.xcassets */ = {isa = PBXFileReference; lastKnownFileType = folder.assetcatalog; path = "Preview Assets.xcassets"; sourceTree = "<group>"; };
		28343B8A286B670C006B313D /* FruitCardView.swift */ = {isa = PBXFileReference; lastKnownFileType = sourcecode.swift; path = FruitCardView.swift; sourceTree = "<group>"; };
		28343B8C286B6B61006B313D /* StartButtonView.swift */ = {isa = PBXFileReference; lastKnownFileType = sourcecode.swift; path = StartButtonView.swift; sourceTree = "<group>"; };
		28343B8E286B6E75006B313D /* OnboardingView.swift */ = {isa = PBXFileReference; lastKnownFileType = sourcecode.swift; path = OnboardingView.swift; sourceTree = "<group>"; };
		28692FCA286B7041005FE818 /* FruitModel.swift */ = {isa = PBXFileReference; lastKnownFileType = sourcecode.swift; path = FruitModel.swift; sourceTree = "<group>"; };
		28692FCD286B7126005FE818 /* FruitData.swift */ = {isa = PBXFileReference; lastKnownFileType = sourcecode.swift; path = FruitData.swift; sourceTree = "<group>"; };
		28692FCF286B78C3005FE818 /* FruitRowView.swift */ = {isa = PBXFileReference; lastKnownFileType = sourcecode.swift; path = FruitRowView.swift; sourceTree = "<group>"; };
		28692FD1286B7CAD005FE818 /* FruitDetailView.swift */ = {isa = PBXFileReference; lastKnownFileType = sourcecode.swift; path = FruitDetailView.swift; sourceTree = "<group>"; };
		28692FD3286B8091005FE818 /* FruitHeaderView.swift */ = {isa = PBXFileReference; lastKnownFileType = sourcecode.swift; path = FruitHeaderView.swift; sourceTree = "<group>"; };
		28692FD5286B82EC005FE818 /* SourceLinkView.swift */ = {isa = PBXFileReference; lastKnownFileType = sourcecode.swift; path = SourceLinkView.swift; sourceTree = "<group>"; };
		28D2C1FC286B850900C0EB50 /* FruitNutrientsView.swift */ = {isa = PBXFileReference; lastKnownFileType = sourcecode.swift; path = FruitNutrientsView.swift; sourceTree = "<group>"; };
		28D2C1FE286B96E700C0EB50 /* SettingsView.swift */ = {isa = PBXFileReference; lastKnownFileType = sourcecode.swift; path = SettingsView.swift; sourceTree = "<group>"; };
		28D2C200286B9AFA00C0EB50 /* SettingsLabelView.swift */ = {isa = PBXFileReference; lastKnownFileType = sourcecode.swift; path = SettingsLabelView.swift; sourceTree = "<group>"; };
		28D2C202286B9DF800C0EB50 /* SettingsRowView.swift */ = {isa = PBXFileReference; lastKnownFileType = sourcecode.swift; path = SettingsRowView.swift; sourceTree = "<group>"; };
/* End PBXFileReference section */

/* Begin PBXFrameworksBuildPhase section */
		28343B74286B5F1F006B313D /* Frameworks */ = {
			isa = PBXFrameworksBuildPhase;
			buildActionMask = 2147483647;
			files = (
			);
			runOnlyForDeploymentPostprocessing = 0;
		};
/* End PBXFrameworksBuildPhase section */

/* Begin PBXGroup section */
		28343B6E286B5F1F006B313D = {
			isa = PBXGroup;
			children = (
				28343B79286B5F1F006B313D /* Fructus */,
				28343B78286B5F1F006B313D /* Products */,
			);
			sourceTree = "<group>";
		};
		28343B78286B5F1F006B313D /* Products */ = {
			isa = PBXGroup;
			children = (
				28343B77286B5F1F006B313D /* Fructus.app */,
			);
			name = Products;
			sourceTree = "<group>";
		};
		28343B79286B5F1F006B313D /* Fructus */ = {
			isa = PBXGroup;
			children = (
				28343B7E286B5F21006B313D /* Assets.xcassets */,
				28343B88286B66AA006B313D /* App */,
				28343B89286B66E0006B313D /* Views */,
				28692FCC286B7114005FE818 /* Data */,
				28692FC9286B7029005FE818 /* Models */,
				28343B80286B5F21006B313D /* Preview Content */,
			);
			path = Fructus;
			sourceTree = "<group>";
		};
		28343B80286B5F21006B313D /* Preview Content */ = {
			isa = PBXGroup;
			children = (
				28343B81286B5F21006B313D /* Preview Assets.xcassets */,
			);
			path = "Preview Content";
			sourceTree = "<group>";
		};
		28343B88286B66AA006B313D /* App */ = {
			isa = PBXGroup;
			children = (
				28343B7A286B5F1F006B313D /* FructusApp.swift */,
				28343B7C286B5F1F006B313D /* ContentView.swift */,
				28343B8E286B6E75006B313D /* OnboardingView.swift */,
				28692FD1286B7CAD005FE818 /* FruitDetailView.swift */,
				28D2C1FE286B96E700C0EB50 /* SettingsView.swift */,
			);
			path = App;
			sourceTree = "<group>";
		};
		28343B89286B66E0006B313D /* Views */ = {
			isa = PBXGroup;
			children = (
				28343B8A286B670C006B313D /* FruitCardView.swift */,
				28343B8C286B6B61006B313D /* StartButtonView.swift */,
				28692FCF286B78C3005FE818 /* FruitRowView.swift */,
				28692FD3286B8091005FE818 /* FruitHeaderView.swift */,
				28692FD5286B82EC005FE818 /* SourceLinkView.swift */,
				28D2C1FC286B850900C0EB50 /* FruitNutrientsView.swift */,
				28D2C200286B9AFA00C0EB50 /* SettingsLabelView.swift */,
				28D2C202286B9DF800C0EB50 /* SettingsRowView.swift */,
			);
			path = Views;
			sourceTree = "<group>";
		};
		28692FC9286B7029005FE818 /* Models */ = {
			isa = PBXGroup;
			children = (
				28692FCA286B7041005FE818 /* FruitModel.swift */,
			);
			path = Models;
			sourceTree = "<group>";
		};
		28692FCC286B7114005FE818 /* Data */ = {
			isa = PBXGroup;
			children = (
				28692FCD286B7126005FE818 /* FruitData.swift */,
			);
			path = Data;
			sourceTree = "<group>";
		};
/* End PBXGroup section */

/* Begin PBXNativeTarget section */
		28343B76286B5F1F006B313D /* Fructus */ = {
			isa = PBXNativeTarget;
			buildConfigurationList = 28343B85286B5F21006B313D /* Build configuration list for PBXNativeTarget "Fructus" */;
			buildPhases = (
				28343B73286B5F1F006B313D /* Sources */,
				28343B74286B5F1F006B313D /* Frameworks */,
				28343B75286B5F1F006B313D /* Resources */,
			);
			buildRules = (
			);
			dependencies = (
			);
			name = Fructus;
			productName = Fructus;
			productReference = 28343B77286B5F1F006B313D /* Fructus.app */;
			productType = "com.apple.product-type.application";
		};
/* End PBXNativeTarget section */

/* Begin PBXProject section */
		28343B6F286B5F1F006B313D /* Project object */ = {
			isa = PBXProject;
			attributes = {
				BuildIndependentTargetsInParallel = 1;
				LastSwiftUpdateCheck = 1340;
				LastUpgradeCheck = 1340;
				TargetAttributes = {
					28343B76286B5F1F006B313D = {
						CreatedOnToolsVersion = 13.4.1;
					};
				};
			};
			buildConfigurationList = 28343B72286B5F1F006B313D /* Build configuration list for PBXProject "Fructus" */;
			compatibilityVersion = "Xcode 13.0";
			developmentRegion = en;
			hasScannedForEncodings = 0;
			knownRegions = (
				en,
				Base,
			);
			mainGroup = 28343B6E286B5F1F006B313D;
			productRefGroup = 28343B78286B5F1F006B313D /* Products */;
			projectDirPath = "";
			projectRoot = "";
			targets = (
				28343B76286B5F1F006B313D /* Fructus */,
			);
		};
/* End PBXProject section */

/* Begin PBXResourcesBuildPhase section */
		28343B75286B5F1F006B313D /* Resources */ = {
			isa = PBXResourcesBuildPhase;
			buildActionMask = 2147483647;
			files = (
				28343B82286B5F21006B313D /* Preview Assets.xcassets in Resources */,
				28343B7F286B5F21006B313D /* Assets.xcassets in Resources */,
			);
			runOnlyForDeploymentPostprocessing = 0;
		};
/* End PBXResourcesBuildPhase section */

/* Begin PBXSourcesBuildPhase section */
		28343B73286B5F1F006B313D /* Sources */ = {
			isa = PBXSourcesBuildPhase;
			buildActionMask = 2147483647;
			files = (
				28692FCE286B7126005FE818 /* FruitData.swift in Sources */,
				28692FD6286B82EC005FE818 /* SourceLinkView.swift in Sources */,
				28D2C203286B9DF800C0EB50 /* SettingsRowView.swift in Sources */,
				28343B8B286B670C006B313D /* FruitCardView.swift in Sources */,
				28692FD0286B78C3005FE818 /* FruitRowView.swift in Sources */,
				28D2C1FD286B850900C0EB50 /* FruitNutrientsView.swift in Sources */,
				28343B8D286B6B61006B313D /* StartButtonView.swift in Sources */,
				28692FD2286B7CAD005FE818 /* FruitDetailView.swift in Sources */,
				28343B7D286B5F1F006B313D /* ContentView.swift in Sources */,
				28692FD4286B8091005FE818 /* FruitHeaderView.swift in Sources */,
				28343B8F286B6E75006B313D /* OnboardingView.swift in Sources */,
				28D2C201286B9AFA00C0EB50 /* SettingsLabelView.swift in Sources */,
				28692FCB286B7041005FE818 /* FruitModel.swift in Sources */,
				28343B7B286B5F1F006B313D /* FructusApp.swift in Sources */,
				28D2C1FF286B96E700C0EB50 /* SettingsView.swift in Sources */,
			);
			runOnlyForDeploymentPostprocessing = 0;
		};
/* End PBXSourcesBuildPhase section */

/* Begin XCBuildConfiguration section */
		28343B83286B5F21006B313D /* Debug */ = {
			isa = XCBuildConfiguration;
			buildSettings = {
				ALWAYS_SEARCH_USER_PATHS = NO;
				CLANG_ANALYZER_NONNULL = YES;
				CLANG_ANALYZER_NUMBER_OBJECT_CONVERSION = YES_AGGRESSIVE;
				CLANG_CXX_LANGUAGE_STANDARD = "gnu++17";
				CLANG_ENABLE_MODULES = YES;
				CLANG_ENABLE_OBJC_ARC = YES;
				CLANG_ENABLE_OBJC_WEAK = YES;
				CLANG_WARN_BLOCK_CAPTURE_AUTORELEASING = YES;
				CLANG_WARN_BOOL_CONVERSION = YES;
				CLANG_WARN_COMMA = YES;
				CLANG_WARN_CONSTANT_CONVERSION = YES;
				CLANG_WARN_DEPRECATED_OBJC_IMPLEMENTATIONS = YES;
				CLANG_WARN_DIRECT_OBJC_ISA_USAGE = YES_ERROR;
				CLANG_WARN_DOCUMENTATION_COMMENTS = YES;
				CLANG_WARN_EMPTY_BODY = YES;
				CLANG_WARN_ENUM_CONVERSION = YES;
				CLANG_WARN_INFINITE_RECURSION = YES;
				CLANG_WARN_INT_CONVERSION = YES;
				CLANG_WARN_NON_LITERAL_NULL_CONVERSION = YES;
				CLANG_WARN_OBJC_IMPLICIT_RETAIN_SELF = YES;
				CLANG_WARN_OBJC_LITERAL_CONVERSION = YES;
				CLANG_WARN_OBJC_ROOT_CLASS = YES_ERROR;
				CLANG_WARN_QUOTED_INCLUDE_IN_FRAMEWORK_HEADER = YES;
				CLANG_WARN_RANGE_LOOP_ANALYSIS = YES;
				CLANG_WARN_STRICT_PROTOTYPES = YES;
				CLANG_WARN_SUSPICIOUS_MOVE = YES;
				CLANG_WARN_UNGUARDED_AVAILABILITY = YES_AGGRESSIVE;
				CLANG_WARN_UNREACHABLE_CODE = YES;
				CLANG_WARN__DUPLICATE_METHOD_MATCH = YES;
				COPY_PHASE_STRIP = NO;
				DEBUG_INFORMATION_FORMAT = dwarf;
				ENABLE_STRICT_OBJC_MSGSEND = YES;
				ENABLE_TESTABILITY = YES;
				GCC_C_LANGUAGE_STANDARD = gnu11;
				GCC_DYNAMIC_NO_PIC = NO;
				GCC_NO_COMMON_BLOCKS = YES;
				GCC_OPTIMIZATION_LEVEL = 0;
				GCC_PREPROCESSOR_DEFINITIONS = (
					"DEBUG=1",
					"$(inherited)",
				);
				GCC_WARN_64_TO_32_BIT_CONVERSION = YES;
				GCC_WARN_ABOUT_RETURN_TYPE = YES_ERROR;
				GCC_WARN_UNDECLARED_SELECTOR = YES;
				GCC_WARN_UNINITIALIZED_AUTOS = YES_AGGRESSIVE;
				GCC_WARN_UNUSED_FUNCTION = YES;
				GCC_WARN_UNUSED_VARIABLE = YES;
				IPHONEOS_DEPLOYMENT_TARGET = 15.5;
				MTL_ENABLE_DEBUG_INFO = INCLUDE_SOURCE;
				MTL_FAST_MATH = YES;
				ONLY_ACTIVE_ARCH = YES;
				SDKROOT = iphoneos;
				SWIFT_ACTIVE_COMPILATION_CONDITIONS = DEBUG;
				SWIFT_OPTIMIZATION_LEVEL = "-Onone";
			};
			name = Debug;
		};
		28343B84286B5F21006B313D /* Release */ = {
			isa = XCBuildConfiguration;
			buildSettings = {
				ALWAYS_SEARCH_USER_PATHS = NO;
				CLANG_ANALYZER_NONNULL = YES;
				CLANG_ANALYZER_NUMBER_OBJECT_CONVERSION = YES_AGGRESSIVE;
				CLANG_CXX_LANGUAGE_STANDARD = "gnu++17";
				CLANG_ENABLE_MODULES = YES;
				CLANG_ENABLE_OBJC_ARC = YES;
				CLANG_ENABLE_OBJC_WEAK = YES;
				CLANG_WARN_BLOCK_CAPTURE_AUTORELEASING = YES;
				CLANG_WARN_BOOL_CONVERSION = YES;
				CLANG_WARN_COMMA = YES;
				CLANG_WARN_CONSTANT_CONVERSION = YES;
				CLANG_WARN_DEPRECATED_OBJC_IMPLEMENTATIONS = YES;
				CLANG_WARN_DIRECT_OBJC_ISA_USAGE = YES_ERROR;
				CLANG_WARN_DOCUMENTATION_COMMENTS = YES;
				CLANG_WARN_EMPTY_BODY = YES;
				CLANG_WARN_ENUM_CONVERSION = YES;
				CLANG_WARN_INFINITE_RECURSION = YES;
				CLANG_WARN_INT_CONVERSION = YES;
				CLANG_WARN_NON_LITERAL_NULL_CONVERSION = YES;
				CLANG_WARN_OBJC_IMPLICIT_RETAIN_SELF = YES;
				CLANG_WARN_OBJC_LITERAL_CONVERSION = YES;
				CLANG_WARN_OBJC_ROOT_CLASS = YES_ERROR;
				CLANG_WARN_QUOTED_INCLUDE_IN_FRAMEWORK_HEADER = YES;
				CLANG_WARN_RANGE_LOOP_ANALYSIS = YES;
				CLANG_WARN_STRICT_PROTOTYPES = YES;
				CLANG_WARN_SUSPICIOUS_MOVE = YES;
				CLANG_WARN_UNGUARDED_AVAILABILITY = YES_AGGRESSIVE;
				CLANG_WARN_UNREACHABLE_CODE = YES;
				CLANG_WARN__DUPLICATE_METHOD_MATCH = YES;
				COPY_PHASE_STRIP = NO;
				DEBUG_INFORMATION_FORMAT = "dwarf-with-dsym";
				ENABLE_NS_ASSERTIONS = NO;
				ENABLE_STRICT_OBJC_MSGSEND = YES;
				GCC_C_LANGUAGE_STANDARD = gnu11;
				GCC_NO_COMMON_BLOCKS = YES;
				GCC_WARN_64_TO_32_BIT_CONVERSION = YES;
				GCC_WARN_ABOUT_RETURN_TYPE = YES_ERROR;
				GCC_WARN_UNDECLARED_SELECTOR = YES;
				GCC_WARN_UNINITIALIZED_AUTOS = YES_AGGRESSIVE;
				GCC_WARN_UNUSED_FUNCTION = YES;
				GCC_WARN_UNUSED_VARIABLE = YES;
				IPHONEOS_DEPLOYMENT_TARGET = 15.5;
				MTL_ENABLE_DEBUG_INFO = NO;
				MTL_FAST_MATH = YES;
				SDKROOT = iphoneos;
				SWIFT_COMPILATION_MODE = wholemodule;
				SWIFT_OPTIMIZATION_LEVEL = "-O";
				VALIDATE_PRODUCT = YES;
			};
			name = Release;
		};
		28343B86286B5F21006B313D /* Debug */ = {
			isa = XCBuildConfiguration;
			buildSettings = {
				ASSETCATALOG_COMPILER_APPICON_NAME = AppIcon;
				ASSETCATALOG_COMPILER_GLOBAL_ACCENT_COLOR_NAME = AccentColor;
				CODE_SIGN_STYLE = Automatic;
				CURRENT_PROJECT_VERSION = 1;
				DEVELOPMENT_ASSET_PATHS = "\"Fructus/Preview Content\"";
				ENABLE_PREVIEWS = YES;
				GENERATE_INFOPLIST_FILE = YES;
				INFOPLIST_KEY_UIApplicationSceneManifest_Generation = YES;
				INFOPLIST_KEY_UIApplicationSupportsIndirectInputEvents = YES;
				INFOPLIST_KEY_UILaunchScreen_Generation = YES;
				INFOPLIST_KEY_UISupportedInterfaceOrientations = UIInterfaceOrientationPortrait;
				INFOPLIST_KEY_UISupportedInterfaceOrientations_iPad = "UIInterfaceOrientationPortrait UIInterfaceOrientationPortraitUpsideDown UIInterfaceOrientationLandscapeLeft UIInterfaceOrientationLandscapeRight";
				INFOPLIST_KEY_UISupportedInterfaceOrientations_iPhone = "UIInterfaceOrientationPortrait UIInterfaceOrientationLandscapeLeft UIInterfaceOrientationLandscapeRight";
				LD_RUNPATH_SEARCH_PATHS = (
					"$(inherited)",
					"@executable_path/Frameworks",
				);
				MARKETING_VERSION = 1.0;
				PRODUCT_BUNDLE_IDENTIFIER = com.mw.Fructus;
				PRODUCT_NAME = "$(TARGET_NAME)";
				SWIFT_EMIT_LOC_STRINGS = YES;
				SWIFT_VERSION = 5.0;
				TARGETED_DEVICE_FAMILY = "1,2";
			};
			name = Debug;
		};
		28343B87286B5F21006B313D /* Release */ = {
			isa = XCBuildConfiguration;
			buildSettings = {
				ASSETCATALOG_COMPILER_APPICON_NAME = AppIcon;
				ASSETCATALOG_COMPILER_GLOBAL_ACCENT_COLOR_NAME = AccentColor;
				CODE_SIGN_STYLE = Automatic;
				CURRENT_PROJECT_VERSION = 1;
				DEVELOPMENT_ASSET_PATHS = "\"Fructus/Preview Content\"";
				ENABLE_PREVIEWS = YES;
				GENERATE_INFOPLIST_FILE = YES;
				INFOPLIST_KEY_UIApplicationSceneManifest_Generation = YES;
				INFOPLIST_KEY_UIApplicationSupportsIndirectInputEvents = YES;
				INFOPLIST_KEY_UILaunchScreen_Generation = YES;
				INFOPLIST_KEY_UISupportedInterfaceOrientations = UIInterfaceOrientationPortrait;
				INFOPLIST_KEY_UISupportedInterfaceOrientations_iPad = "UIInterfaceOrientationPortrait UIInterfaceOrientationPortraitUpsideDown UIInterfaceOrientationLandscapeLeft UIInterfaceOrientationLandscapeRight";
				INFOPLIST_KEY_UISupportedInterfaceOrientations_iPhone = "UIInterfaceOrientationPortrait UIInterfaceOrientationLandscapeLeft UIInterfaceOrientationLandscapeRight";
				LD_RUNPATH_SEARCH_PATHS = (
					"$(inherited)",
					"@executable_path/Frameworks",
				);
				MARKETING_VERSION = 1.0;
				PRODUCT_BUNDLE_IDENTIFIER = com.mw.Fructus;
				PRODUCT_NAME = "$(TARGET_NAME)";
				SWIFT_EMIT_LOC_STRINGS = YES;
				SWIFT_VERSION = 5.0;
				TARGETED_DEVICE_FAMILY = "1,2";
			};
			name = Release;
		};
/* End XCBuildConfiguration section */

/* Begin XCConfigurationList section */
		28343B72286B5F1F006B313D /* Build configuration list for PBXProject "Fructus" */ = {
			isa = XCConfigurationList;
			buildConfigurations = (
				28343B83286B5F21006B313D /* Debug */,
				28343B84286B5F21006B313D /* Release */,
			);
			defaultConfigurationIsVisible = 0;
			defaultConfigurationName = Release;
		};
		28343B85286B5F21006B313D /* Build configuration list for PBXNativeTarget "Fructus" */ = {
			isa = XCConfigurationList;
			buildConfigurations = (
				28343B86286B5F21006B313D /* Debug */,
				28343B87286B5F21006B313D /* Release */,
			);
			defaultConfigurationIsVisible = 0;
			defaultConfigurationName = Release;
		};
/* End XCConfigurationList section */
	};
	rootObject = 28343B6F286B5F1F006B313D /* Project object */;
}
