// !$*UTF8*$!
{
	archiveVersion = 1;
	classes = {
	};
	objectVersion = 55;
	objects = {

/* Begin PBXBuildFile section */
		6217C2B0286CBA0E00B4B414 /* CoverImageModel.swift in Sources */ = {isa = PBXBuildFile; fileRef = 6217C2AF286CBA0E00B4B414 /* CoverImageModel.swift */; };
		6217C2B3286CBB3300B4B414 /* CodableBundleExtension.swift in Sources */ = {isa = PBXBuildFile; fileRef = 6217C2B2286CBB3300B4B414 /* CodableBundleExtension.swift */; };
		6217C2B6286CBFEE00B4B414 /* AnimalListItemView.swift in Sources */ = {isa = PBXBuildFile; fileRef = 6217C2B5286CBFEE00B4B414 /* AnimalListItemView.swift */; };
		6217C2B8286CC1C000B4B414 /* AnimalModel.swift in Sources */ = {isa = PBXBuildFile; fileRef = 6217C2B7286CC1C000B4B414 /* AnimalModel.swift */; };
		6217C2BA286CC49200B4B414 /* AnimalDetailView.swift in Sources */ = {isa = PBXBuildFile; fileRef = 6217C2B9286CC49200B4B414 /* AnimalDetailView.swift */; };
		6217C2BC286CC7ED00B4B414 /* HeadingView.swift in Sources */ = {isa = PBXBuildFile; fileRef = 6217C2BB286CC7ED00B4B414 /* HeadingView.swift */; };
		62638659286CD59700DBA55E /* InsetGalleryView.swift in Sources */ = {isa = PBXBuildFile; fileRef = 62638658286CD59700DBA55E /* InsetGalleryView.swift */; };
		6263865B286CE94A00DBA55E /* InsetFactView.swift in Sources */ = {isa = PBXBuildFile; fileRef = 6263865A286CE94A00DBA55E /* InsetFactView.swift */; };
		62BC7C55286D107D002A23A5 /* InsetMapView.swift in Sources */ = {isa = PBXBuildFile; fileRef = 62BC7C54286D107D002A23A5 /* InsetMapView.swift */; };
		62BC7C57286D1410002A23A5 /* ExternalWeblinkView.swift in Sources */ = {isa = PBXBuildFile; fileRef = 62BC7C56286D1410002A23A5 /* ExternalWeblinkView.swift */; };
		62BC7C59286DE73B002A23A5 /* VideoModel.swift in Sources */ = {isa = PBXBuildFile; fileRef = 62BC7C58286DE73B002A23A5 /* VideoModel.swift */; };
		62BC7C5B286DE7A3002A23A5 /* VideoListItemView.swift in Sources */ = {isa = PBXBuildFile; fileRef = 62BC7C5A286DE7A3002A23A5 /* VideoListItemView.swift */; };
		62BC7C5D286DF7CB002A23A5 /* VideoPlayerView.swift in Sources */ = {isa = PBXBuildFile; fileRef = 62BC7C5C286DF7CB002A23A5 /* VideoPlayerView.swift */; };
		62BC7C60286DF905002A23A5 /* VideoPlayerHelper.swift in Sources */ = {isa = PBXBuildFile; fileRef = 62BC7C5F286DF905002A23A5 /* VideoPlayerHelper.swift */; };
		62BC7C62286DFCA4002A23A5 /* LocationModel.swift in Sources */ = {isa = PBXBuildFile; fileRef = 62BC7C61286DFCA4002A23A5 /* LocationModel.swift */; };
		62BC7C64286E03A9002A23A5 /* MapAnnotationView.swift in Sources */ = {isa = PBXBuildFile; fileRef = 62BC7C63286E03A9002A23A5 /* MapAnnotationView.swift */; };
		62BC7C66286E0EA3002A23A5 /* MotionAnimationView.swift in Sources */ = {isa = PBXBuildFile; fileRef = 62BC7C65286E0EA3002A23A5 /* MotionAnimationView.swift */; };
		62BC7C68286E23D9002A23A5 /* AnimalGridItemView.swift in Sources */ = {isa = PBXBuildFile; fileRef = 62BC7C67286E23D9002A23A5 /* AnimalGridItemView.swift */; };
		62BC7C71286E38BF002A23A5 /* Stickers.xcassets in Resources */ = {isa = PBXBuildFile; fileRef = 62BC7C70286E38BF002A23A5 /* Stickers.xcassets */; };
		62BC7C75286E38BF002A23A5 /* Stickers.appex in Embed App Extensions */ = {isa = PBXBuildFile; fileRef = 62BC7C6E286E38BE002A23A5 /* Stickers.appex */; platformFilter = ios; settings = {ATTRIBUTES = (RemoveHeadersOnCopy, ); }; };
		62BC7C7B286E3A92002A23A5 /* CreditsView.swift in Sources */ = {isa = PBXBuildFile; fileRef = 62BC7C7A286E3A92002A23A5 /* CreditsView.swift */; };
		62BC7C7E286E3C4A002A23A5 /* CenterMod.swift in Sources */ = {isa = PBXBuildFile; fileRef = 62BC7C7D286E3C4A002A23A5 /* CenterMod.swift */; };
		62CF0D64286C9F3F0068AE46 /* AfricaApp.swift in Sources */ = {isa = PBXBuildFile; fileRef = 62CF0D63286C9F3F0068AE46 /* AfricaApp.swift */; };
		62CF0D66286C9F3F0068AE46 /* ContentView.swift in Sources */ = {isa = PBXBuildFile; fileRef = 62CF0D65286C9F3F0068AE46 /* ContentView.swift */; };
		62CF0D68286C9F400068AE46 /* Assets.xcassets in Resources */ = {isa = PBXBuildFile; fileRef = 62CF0D67286C9F400068AE46 /* Assets.xcassets */; };
		62CF0D6B286C9F400068AE46 /* Preview Assets.xcassets in Resources */ = {isa = PBXBuildFile; fileRef = 62CF0D6A286C9F400068AE46 /* Preview Assets.xcassets */; };
		62CF0D76286CA07E0068AE46 /* covers.json in Resources */ = {isa = PBXBuildFile; fileRef = 62CF0D72286CA07E0068AE46 /* covers.json */; };
		62CF0D77286CA07E0068AE46 /* locations.json in Resources */ = {isa = PBXBuildFile; fileRef = 62CF0D73286CA07E0068AE46 /* locations.json */; };
		62CF0D78286CA07E0068AE46 /* animals.json in Resources */ = {isa = PBXBuildFile; fileRef = 62CF0D74286CA07E0068AE46 /* animals.json */; };
		62CF0D79286CA07E0068AE46 /* videos.json in Resources */ = {isa = PBXBuildFile; fileRef = 62CF0D75286CA07E0068AE46 /* videos.json */; };
		62CF0D85286CA0C90068AE46 /* lioness.mp4 in Resources */ = {isa = PBXBuildFile; fileRef = 62CF0D7B286CA0C90068AE46 /* lioness.mp4 */; };
		62CF0D86286CA0C90068AE46 /* rhino.mp4 in Resources */ = {isa = PBXBuildFile; fileRef = 62CF0D7C286CA0C90068AE46 /* rhino.mp4 */; };
		62CF0D87286CA0C90068AE46 /* elephant.mp4 in Resources */ = {isa = PBXBuildFile; fileRef = 62CF0D7D286CA0C90068AE46 /* elephant.mp4 */; };
		62CF0D88286CA0C90068AE46 /* zebra.mp4 in Resources */ = {isa = PBXBuildFile; fileRef = 62CF0D7E286CA0C90068AE46 /* zebra.mp4 */; };
		62CF0D89286CA0C90068AE46 /* giraffe.mp4 in Resources */ = {isa = PBXBuildFile; fileRef = 62CF0D7F286CA0C90068AE46 /* giraffe.mp4 */; };
		62CF0D8A286CA0C90068AE46 /* ostrich.mp4 in Resources */ = {isa = PBXBuildFile; fileRef = 62CF0D80286CA0C90068AE46 /* ostrich.mp4 */; };
		62CF0D8B286CA0C90068AE46 /* lion.mp4 in Resources */ = {isa = PBXBuildFile; fileRef = 62CF0D81286CA0C90068AE46 /* lion.mp4 */; };
		62CF0D8C286CA0C90068AE46 /* gorilla.mp4 in Resources */ = {isa = PBXBuildFile; fileRef = 62CF0D82286CA0C90068AE46 /* gorilla.mp4 */; };
		62CF0D8D286CA0C90068AE46 /* hippo.mp4 in Resources */ = {isa = PBXBuildFile; fileRef = 62CF0D83286CA0C90068AE46 /* hippo.mp4 */; };
		62CF0D8E286CA0C90068AE46 /* cheetah.mp4 in Resources */ = {isa = PBXBuildFile; fileRef = 62CF0D84286CA0C90068AE46 /* cheetah.mp4 */; };
		62CF0D93286CA3090068AE46 /* VideoListView.swift in Sources */ = {isa = PBXBuildFile; fileRef = 62CF0D92286CA3090068AE46 /* VideoListView.swift */; };
		62CF0D95286CA32B0068AE46 /* MapView.swift in Sources */ = {isa = PBXBuildFile; fileRef = 62CF0D94286CA32B0068AE46 /* MapView.swift */; };
		62CF0D97286CA33F0068AE46 /* GalleryView.swift in Sources */ = {isa = PBXBuildFile; fileRef = 62CF0D96286CA33F0068AE46 /* GalleryView.swift */; };
		62CF0D99286CA34D0068AE46 /* MainView.swift in Sources */ = {isa = PBXBuildFile; fileRef = 62CF0D98286CA34D0068AE46 /* MainView.swift */; };
		62CF0D9C286CA5740068AE46 /* CoverImageView.swift in Sources */ = {isa = PBXBuildFile; fileRef = 62CF0D9B286CA5740068AE46 /* CoverImageView.swift */; };
/* End PBXBuildFile section */

/* Begin PBXContainerItemProxy section */
		62BC7C73286E38BF002A23A5 /* PBXContainerItemProxy */ = {
			isa = PBXContainerItemProxy;
			containerPortal = 62CF0D58286C9F3F0068AE46 /* Project object */;
			proxyType = 1;
			remoteGlobalIDString = 62BC7C6D286E38BE002A23A5;
			remoteInfo = Stickers;
		};
/* End PBXContainerItemProxy section */

/* Begin PBXCopyFilesBuildPhase section */
		62BC7C79286E38BF002A23A5 /* Embed App Extensions */ = {
			isa = PBXCopyFilesBuildPhase;
			buildActionMask = 2147483647;
			dstPath = "";
			dstSubfolderSpec = 13;
			files = (
				62BC7C75286E38BF002A23A5 /* Stickers.appex in Embed App Extensions */,
			);
			name = "Embed App Extensions";
			runOnlyForDeploymentPostprocessing = 0;
		};
/* End PBXCopyFilesBuildPhase section */

/* Begin PBXFileReference section */
		6217C2AF286CBA0E00B4B414 /* CoverImageModel.swift */ = {isa = PBXFileReference; lastKnownFileType = sourcecode.swift; path = CoverImageModel.swift; sourceTree = "<group>"; };
		6217C2B2286CBB3300B4B414 /* CodableBundleExtension.swift */ = {isa = PBXFileReference; lastKnownFileType = sourcecode.swift; path = CodableBundleExtension.swift; sourceTree = "<group>"; };
		6217C2B5286CBFEE00B4B414 /* AnimalListItemView.swift */ = {isa = PBXFileReference; lastKnownFileType = sourcecode.swift; path = AnimalListItemView.swift; sourceTree = "<group>"; };
		6217C2B7286CC1C000B4B414 /* AnimalModel.swift */ = {isa = PBXFileReference; lastKnownFileType = sourcecode.swift; path = AnimalModel.swift; sourceTree = "<group>"; };
		6217C2B9286CC49200B4B414 /* AnimalDetailView.swift */ = {isa = PBXFileReference; lastKnownFileType = sourcecode.swift; path = AnimalDetailView.swift; sourceTree = "<group>"; };
		6217C2BB286CC7ED00B4B414 /* HeadingView.swift */ = {isa = PBXFileReference; lastKnownFileType = sourcecode.swift; path = HeadingView.swift; sourceTree = "<group>"; };
		62638658286CD59700DBA55E /* InsetGalleryView.swift */ = {isa = PBXFileReference; lastKnownFileType = sourcecode.swift; path = InsetGalleryView.swift; sourceTree = "<group>"; };
		6263865A286CE94A00DBA55E /* InsetFactView.swift */ = {isa = PBXFileReference; lastKnownFileType = sourcecode.swift; path = InsetFactView.swift; sourceTree = "<group>"; };
		62BC7C54286D107D002A23A5 /* InsetMapView.swift */ = {isa = PBXFileReference; lastKnownFileType = sourcecode.swift; path = InsetMapView.swift; sourceTree = "<group>"; };
		62BC7C56286D1410002A23A5 /* ExternalWeblinkView.swift */ = {isa = PBXFileReference; lastKnownFileType = sourcecode.swift; path = ExternalWeblinkView.swift; sourceTree = "<group>"; };
		62BC7C58286DE73B002A23A5 /* VideoModel.swift */ = {isa = PBXFileReference; lastKnownFileType = sourcecode.swift; path = VideoModel.swift; sourceTree = "<group>"; };
		62BC7C5A286DE7A3002A23A5 /* VideoListItemView.swift */ = {isa = PBXFileReference; lastKnownFileType = sourcecode.swift; path = VideoListItemView.swift; sourceTree = "<group>"; };
		62BC7C5C286DF7CB002A23A5 /* VideoPlayerView.swift */ = {isa = PBXFileReference; lastKnownFileType = sourcecode.swift; path = VideoPlayerView.swift; sourceTree = "<group>"; };
		62BC7C5F286DF905002A23A5 /* VideoPlayerHelper.swift */ = {isa = PBXFileReference; lastKnownFileType = sourcecode.swift; path = VideoPlayerHelper.swift; sourceTree = "<group>"; };
		62BC7C61286DFCA4002A23A5 /* LocationModel.swift */ = {isa = PBXFileReference; lastKnownFileType = sourcecode.swift; path = LocationModel.swift; sourceTree = "<group>"; };
		62BC7C63286E03A9002A23A5 /* MapAnnotationView.swift */ = {isa = PBXFileReference; lastKnownFileType = sourcecode.swift; path = MapAnnotationView.swift; sourceTree = "<group>"; };
		62BC7C65286E0EA3002A23A5 /* MotionAnimationView.swift */ = {isa = PBXFileReference; lastKnownFileType = sourcecode.swift; path = MotionAnimationView.swift; sourceTree = "<group>"; };
		62BC7C67286E23D9002A23A5 /* AnimalGridItemView.swift */ = {isa = PBXFileReference; lastKnownFileType = sourcecode.swift; path = AnimalGridItemView.swift; sourceTree = "<group>"; };
		62BC7C6E286E38BE002A23A5 /* Stickers.appex */ = {isa = PBXFileReference; explicitFileType = "wrapper.app-extension"; includeInIndex = 0; path = Stickers.appex; sourceTree = BUILT_PRODUCTS_DIR; };
		62BC7C70286E38BF002A23A5 /* Stickers.xcassets */ = {isa = PBXFileReference; lastKnownFileType = folder.assetcatalog; path = Stickers.xcassets; sourceTree = "<group>"; };
		62BC7C72286E38BF002A23A5 /* Info.plist */ = {isa = PBXFileReference; lastKnownFileType = text.plist.xml; path = Info.plist; sourceTree = "<group>"; };
		62BC7C7A286E3A92002A23A5 /* CreditsView.swift */ = {isa = PBXFileReference; lastKnownFileType = sourcecode.swift; path = CreditsView.swift; sourceTree = "<group>"; };
		62BC7C7D286E3C4A002A23A5 /* CenterMod.swift */ = {isa = PBXFileReference; lastKnownFileType = sourcecode.swift; path = CenterMod.swift; sourceTree = "<group>"; };
		62BC7C7F286E3EB0002A23A5 /* Africa.entitlements */ = {isa = PBXFileReference; lastKnownFileType = text.plist.entitlements; path = Africa.entitlements; sourceTree = "<group>"; };
		62CF0D60286C9F3F0068AE46 /* Africa.app */ = {isa = PBXFileReference; explicitFileType = wrapper.application; includeInIndex = 0; path = Africa.app; sourceTree = BUILT_PRODUCTS_DIR; };
		62CF0D63286C9F3F0068AE46 /* AfricaApp.swift */ = {isa = PBXFileReference; lastKnownFileType = sourcecode.swift; path = AfricaApp.swift; sourceTree = "<group>"; };
		62CF0D65286C9F3F0068AE46 /* ContentView.swift */ = {isa = PBXFileReference; lastKnownFileType = sourcecode.swift; path = ContentView.swift; sourceTree = "<group>"; tabWidth = 4; };
		62CF0D67286C9F400068AE46 /* Assets.xcassets */ = {isa = PBXFileReference; lastKnownFileType = folder.assetcatalog; path = Assets.xcassets; sourceTree = "<group>"; };
		62CF0D6A286C9F400068AE46 /* Preview Assets.xcassets */ = {isa = PBXFileReference; lastKnownFileType = folder.assetcatalog; path = "Preview Assets.xcassets"; sourceTree = "<group>"; };
		62CF0D72286CA07E0068AE46 /* covers.json */ = {isa = PBXFileReference; fileEncoding = 4; lastKnownFileType = text.json; path = covers.json; sourceTree = "<group>"; };
		62CF0D73286CA07E0068AE46 /* locations.json */ = {isa = PBXFileReference; fileEncoding = 4; lastKnownFileType = text.json; path = locations.json; sourceTree = "<group>"; };
		62CF0D74286CA07E0068AE46 /* animals.json */ = {isa = PBXFileReference; fileEncoding = 4; lastKnownFileType = text.json; path = animals.json; sourceTree = "<group>"; };
		62CF0D75286CA07E0068AE46 /* videos.json */ = {isa = PBXFileReference; fileEncoding = 4; lastKnownFileType = text.json; path = videos.json; sourceTree = "<group>"; };
		62CF0D7B286CA0C90068AE46 /* lioness.mp4 */ = {isa = PBXFileReference; lastKnownFileType = file; path = lioness.mp4; sourceTree = "<group>"; };
		62CF0D7C286CA0C90068AE46 /* rhino.mp4 */ = {isa = PBXFileReference; lastKnownFileType = file; path = rhino.mp4; sourceTree = "<group>"; };
		62CF0D7D286CA0C90068AE46 /* elephant.mp4 */ = {isa = PBXFileReference; lastKnownFileType = file; path = elephant.mp4; sourceTree = "<group>"; };
		62CF0D7E286CA0C90068AE46 /* zebra.mp4 */ = {isa = PBXFileReference; lastKnownFileType = file; path = zebra.mp4; sourceTree = "<group>"; };
		62CF0D7F286CA0C90068AE46 /* giraffe.mp4 */ = {isa = PBXFileReference; lastKnownFileType = file; path = giraffe.mp4; sourceTree = "<group>"; };
		62CF0D80286CA0C90068AE46 /* ostrich.mp4 */ = {isa = PBXFileReference; lastKnownFileType = file; path = ostrich.mp4; sourceTree = "<group>"; };
		62CF0D81286CA0C90068AE46 /* lion.mp4 */ = {isa = PBXFileReference; lastKnownFileType = file; path = lion.mp4; sourceTree = "<group>"; };
		62CF0D82286CA0C90068AE46 /* gorilla.mp4 */ = {isa = PBXFileReference; lastKnownFileType = file; path = gorilla.mp4; sourceTree = "<group>"; };
		62CF0D83286CA0C90068AE46 /* hippo.mp4 */ = {isa = PBXFileReference; lastKnownFileType = file; path = hippo.mp4; sourceTree = "<group>"; };
		62CF0D84286CA0C90068AE46 /* cheetah.mp4 */ = {isa = PBXFileReference; lastKnownFileType = file; path = cheetah.mp4; sourceTree = "<group>"; };
		62CF0D8F286CA2330068AE46 /* Info.plist */ = {isa = PBXFileReference; lastKnownFileType = text.plist; path = Info.plist; sourceTree = "<group>"; };
		62CF0D92286CA3090068AE46 /* VideoListView.swift */ = {isa = PBXFileReference; lastKnownFileType = sourcecode.swift; path = VideoListView.swift; sourceTree = "<group>"; };
		62CF0D94286CA32B0068AE46 /* MapView.swift */ = {isa = PBXFileReference; lastKnownFileType = sourcecode.swift; path = MapView.swift; sourceTree = "<group>"; };
		62CF0D96286CA33F0068AE46 /* GalleryView.swift */ = {isa = PBXFileReference; lastKnownFileType = sourcecode.swift; path = GalleryView.swift; sourceTree = "<group>"; };
		62CF0D98286CA34D0068AE46 /* MainView.swift */ = {isa = PBXFileReference; lastKnownFileType = sourcecode.swift; path = MainView.swift; sourceTree = "<group>"; };
		62CF0D9B286CA5740068AE46 /* CoverImageView.swift */ = {isa = PBXFileReference; lastKnownFileType = sourcecode.swift; path = CoverImageView.swift; sourceTree = "<group>"; };
/* End PBXFileReference section */

/* Begin PBXFrameworksBuildPhase section */
		62CF0D5D286C9F3F0068AE46 /* Frameworks */ = {
			isa = PBXFrameworksBuildPhase;
			buildActionMask = 2147483647;
			files = (
			);
			runOnlyForDeploymentPostprocessing = 0;
		};
/* End PBXFrameworksBuildPhase section */

/* Begin PBXGroup section */
		6217C2AE286CB9FC00B4B414 /* Models */ = {
			isa = PBXGroup;
			children = (
				6217C2AF286CBA0E00B4B414 /* CoverImageModel.swift */,
				6217C2B7286CC1C000B4B414 /* AnimalModel.swift */,
				62BC7C58286DE73B002A23A5 /* VideoModel.swift */,
				62BC7C61286DFCA4002A23A5 /* LocationModel.swift */,
			);
			path = Models;
			sourceTree = "<group>";
		};
		6217C2B1286CBB2100B4B414 /* Extensions */ = {
			isa = PBXGroup;
			children = (
				6217C2B2286CBB3300B4B414 /* CodableBundleExtension.swift */,
			);
			path = Extensions;
			sourceTree = "<group>";
		};
		62BC7C5E286DF8EB002A23A5 /* Utilities */ = {
			isa = PBXGroup;
			children = (
				62BC7C5F286DF905002A23A5 /* VideoPlayerHelper.swift */,
			);
			path = Utilities;
			sourceTree = "<group>";
		};
		62BC7C69286E260A002A23A5 /* Animal */ = {
			isa = PBXGroup;
			children = (
				6217C2B9286CC49200B4B414 /* AnimalDetailView.swift */,
				62BC7C67286E23D9002A23A5 /* AnimalGridItemView.swift */,
				6217C2B5286CBFEE00B4B414 /* AnimalListItemView.swift */,
			);
			path = Animal;
			sourceTree = "<group>";
		};
		62BC7C6A286E261C002A23A5 /* Inset */ = {
			isa = PBXGroup;
			children = (
				62638658286CD59700DBA55E /* InsetGalleryView.swift */,
				6263865A286CE94A00DBA55E /* InsetFactView.swift */,
				62BC7C54286D107D002A23A5 /* InsetMapView.swift */,
			);
			path = Inset;
			sourceTree = "<group>";
		};
		62BC7C6B286E262F002A23A5 /* Video */ = {
			isa = PBXGroup;
			children = (
				62BC7C5A286DE7A3002A23A5 /* VideoListItemView.swift */,
				62BC7C5C286DF7CB002A23A5 /* VideoPlayerView.swift */,
			);
			path = Video;
			sourceTree = "<group>";
		};
		62BC7C6F286E38BE002A23A5 /* Stickers */ = {
			isa = PBXGroup;
			children = (
				62BC7C70286E38BF002A23A5 /* Stickers.xcassets */,
				62BC7C72286E38BF002A23A5 /* Info.plist */,
			);
			path = Stickers;
			sourceTree = "<group>";
		};
		62BC7C7C286E3C3D002A23A5 /* Modifiers */ = {
			isa = PBXGroup;
			children = (
				62BC7C7D286E3C4A002A23A5 /* CenterMod.swift */,
			);
			path = Modifiers;
			sourceTree = "<group>";
		};
		62CF0D57286C9F3F0068AE46 = {
			isa = PBXGroup;
			children = (
				62CF0D62286C9F3F0068AE46 /* Africa */,
				62BC7C6F286E38BE002A23A5 /* Stickers */,
				62CF0D61286C9F3F0068AE46 /* Products */,
			);
			sourceTree = "<group>";
		};
		62CF0D61286C9F3F0068AE46 /* Products */ = {
			isa = PBXGroup;
			children = (
				62CF0D60286C9F3F0068AE46 /* Africa.app */,
				62BC7C6E286E38BE002A23A5 /* Stickers.appex */,
			);
			name = Products;
			sourceTree = "<group>";
		};
		62CF0D62286C9F3F0068AE46 /* Africa */ = {
			isa = PBXGroup;
			children = (
				62BC7C7F286E3EB0002A23A5 /* Africa.entitlements */,
				62BC7C7C286E3C3D002A23A5 /* Modifiers */,
				62CF0D8F286CA2330068AE46 /* Info.plist */,
				62CF0D67286C9F400068AE46 /* Assets.xcassets */,
				62CF0D90286CA2BC0068AE46 /* App */,
				62CF0D71286CA04F0068AE46 /* Data */,
				6217C2B1286CBB2100B4B414 /* Extensions */,
				6217C2AE286CB9FC00B4B414 /* Models */,
				62CF0D69286C9F400068AE46 /* Preview Content */,
				62BC7C5E286DF8EB002A23A5 /* Utilities */,
				62CF0D7A286CA0B80068AE46 /* Video */,
				62CF0D9A286CA5640068AE46 /* Views */,
			);
			indentWidth = 2;
			path = Africa;
			sourceTree = "<group>";
			tabWidth = 2;
		};
		62CF0D69286C9F400068AE46 /* Preview Content */ = {
			isa = PBXGroup;
			children = (
				62CF0D6A286C9F400068AE46 /* Preview Assets.xcassets */,
			);
			path = "Preview Content";
			sourceTree = "<group>";
		};
		62CF0D71286CA04F0068AE46 /* Data */ = {
			isa = PBXGroup;
			children = (
				62CF0D74286CA07E0068AE46 /* animals.json */,
				62CF0D72286CA07E0068AE46 /* covers.json */,
				62CF0D73286CA07E0068AE46 /* locations.json */,
				62CF0D75286CA07E0068AE46 /* videos.json */,
			);
			path = Data;
			sourceTree = "<group>";
		};
		62CF0D7A286CA0B80068AE46 /* Video */ = {
			isa = PBXGroup;
			children = (
				62CF0D84286CA0C90068AE46 /* cheetah.mp4 */,
				62CF0D7D286CA0C90068AE46 /* elephant.mp4 */,
				62CF0D7F286CA0C90068AE46 /* giraffe.mp4 */,
				62CF0D82286CA0C90068AE46 /* gorilla.mp4 */,
				62CF0D83286CA0C90068AE46 /* hippo.mp4 */,
				62CF0D81286CA0C90068AE46 /* lion.mp4 */,
				62CF0D7B286CA0C90068AE46 /* lioness.mp4 */,
				62CF0D80286CA0C90068AE46 /* ostrich.mp4 */,
				62CF0D7C286CA0C90068AE46 /* rhino.mp4 */,
				62CF0D7E286CA0C90068AE46 /* zebra.mp4 */,
			);
			path = Video;
			sourceTree = "<group>";
		};
		62CF0D90286CA2BC0068AE46 /* App */ = {
			isa = PBXGroup;
			children = (
				62CF0D63286C9F3F0068AE46 /* AfricaApp.swift */,
				62CF0D65286C9F3F0068AE46 /* ContentView.swift */,
				62CF0D92286CA3090068AE46 /* VideoListView.swift */,
				62CF0D94286CA32B0068AE46 /* MapView.swift */,
				62CF0D96286CA33F0068AE46 /* GalleryView.swift */,
				62CF0D98286CA34D0068AE46 /* MainView.swift */,
			);
			path = App;
			sourceTree = "<group>";
		};
		62CF0D9A286CA5640068AE46 /* Views */ = {
			isa = PBXGroup;
			children = (
				62CF0D9B286CA5740068AE46 /* CoverImageView.swift */,
				62BC7C56286D1410002A23A5 /* ExternalWeblinkView.swift */,
				6217C2BB286CC7ED00B4B414 /* HeadingView.swift */,
				62BC7C63286E03A9002A23A5 /* MapAnnotationView.swift */,
				62BC7C65286E0EA3002A23A5 /* MotionAnimationView.swift */,
				62BC7C69286E260A002A23A5 /* Animal */,
				62BC7C6A286E261C002A23A5 /* Inset */,
				62BC7C6B286E262F002A23A5 /* Video */,
				62BC7C7A286E3A92002A23A5 /* CreditsView.swift */,
			);
			path = Views;
			sourceTree = "<group>";
		};
/* End PBXGroup section */

/* Begin PBXNativeTarget section */
		62BC7C6D286E38BE002A23A5 /* Stickers */ = {
			isa = PBXNativeTarget;
			buildConfigurationList = 62BC7C76286E38BF002A23A5 /* Build configuration list for PBXNativeTarget "Stickers" */;
			buildPhases = (
				62BC7C6C286E38BE002A23A5 /* Resources */,
			);
			buildRules = (
			);
			dependencies = (
			);
			name = Stickers;
			productName = Stickers;
			productReference = 62BC7C6E286E38BE002A23A5 /* Stickers.appex */;
			productType = "com.apple.product-type.app-extension.messages-sticker-pack";
		};
		62CF0D5F286C9F3F0068AE46 /* Africa */ = {
			isa = PBXNativeTarget;
			buildConfigurationList = 62CF0D6E286C9F400068AE46 /* Build configuration list for PBXNativeTarget "Africa" */;
			buildPhases = (
				62CF0D5C286C9F3F0068AE46 /* Sources */,
				62CF0D5D286C9F3F0068AE46 /* Frameworks */,
				62CF0D5E286C9F3F0068AE46 /* Resources */,
				62BC7C79286E38BF002A23A5 /* Embed App Extensions */,
			);
			buildRules = (
			);
			dependencies = (
				62BC7C74286E38BF002A23A5 /* PBXTargetDependency */,
			);
			name = Africa;
			productName = Africa;
			productReference = 62CF0D60286C9F3F0068AE46 /* Africa.app */;
			productType = "com.apple.product-type.application";
		};
/* End PBXNativeTarget section */

/* Begin PBXProject section */
		62CF0D58286C9F3F0068AE46 /* Project object */ = {
			isa = PBXProject;
			attributes = {
				BuildIndependentTargetsInParallel = 1;
				LastSwiftUpdateCheck = 1330;
				LastUpgradeCheck = 1330;
				TargetAttributes = {
					62BC7C6D286E38BE002A23A5 = {
						CreatedOnToolsVersion = 13.3;
					};
					62CF0D5F286C9F3F0068AE46 = {
						CreatedOnToolsVersion = 13.3;
					};
				};
			};
			buildConfigurationList = 62CF0D5B286C9F3F0068AE46 /* Build configuration list for PBXProject "Africa" */;
			compatibilityVersion = "Xcode 13.0";
			developmentRegion = en;
			hasScannedForEncodings = 0;
			knownRegions = (
				en,
				Base,
			);
			mainGroup = 62CF0D57286C9F3F0068AE46;
			productRefGroup = 62CF0D61286C9F3F0068AE46 /* Products */;
			projectDirPath = "";
			projectRoot = "";
			targets = (
				62CF0D5F286C9F3F0068AE46 /* Africa */,
				62BC7C6D286E38BE002A23A5 /* Stickers */,
			);
		};
/* End PBXProject section */

/* Begin PBXResourcesBuildPhase section */
		62BC7C6C286E38BE002A23A5 /* Resources */ = {
			isa = PBXResourcesBuildPhase;
			buildActionMask = 2147483647;
			files = (
				62BC7C71286E38BF002A23A5 /* Stickers.xcassets in Resources */,
			);
			runOnlyForDeploymentPostprocessing = 0;
		};
		62CF0D5E286C9F3F0068AE46 /* Resources */ = {
			isa = PBXResourcesBuildPhase;
			buildActionMask = 2147483647;
			files = (
				62CF0D8B286CA0C90068AE46 /* lion.mp4 in Resources */,
				62CF0D86286CA0C90068AE46 /* rhino.mp4 in Resources */,
				62CF0D78286CA07E0068AE46 /* animals.json in Resources */,
				62CF0D6B286C9F400068AE46 /* Preview Assets.xcassets in Resources */,
				62CF0D76286CA07E0068AE46 /* covers.json in Resources */,
				62CF0D77286CA07E0068AE46 /* locations.json in Resources */,
				62CF0D68286C9F400068AE46 /* Assets.xcassets in Resources */,
				62CF0D8A286CA0C90068AE46 /* ostrich.mp4 in Resources */,
				62CF0D89286CA0C90068AE46 /* giraffe.mp4 in Resources */,
				62CF0D88286CA0C90068AE46 /* zebra.mp4 in Resources */,
				62CF0D8D286CA0C90068AE46 /* hippo.mp4 in Resources */,
				62CF0D8C286CA0C90068AE46 /* gorilla.mp4 in Resources */,
				62CF0D8E286CA0C90068AE46 /* cheetah.mp4 in Resources */,
				62CF0D85286CA0C90068AE46 /* lioness.mp4 in Resources */,
				62CF0D79286CA07E0068AE46 /* videos.json in Resources */,
				62CF0D87286CA0C90068AE46 /* elephant.mp4 in Resources */,
			);
			runOnlyForDeploymentPostprocessing = 0;
		};
/* End PBXResourcesBuildPhase section */

/* Begin PBXSourcesBuildPhase section */
		62CF0D5C286C9F3F0068AE46 /* Sources */ = {
			isa = PBXSourcesBuildPhase;
			buildActionMask = 2147483647;
			files = (
				62BC7C57286D1410002A23A5 /* ExternalWeblinkView.swift in Sources */,
				62CF0D66286C9F3F0068AE46 /* ContentView.swift in Sources */,
				6217C2B6286CBFEE00B4B414 /* AnimalListItemView.swift in Sources */,
				62CF0D99286CA34D0068AE46 /* MainView.swift in Sources */,
				6263865B286CE94A00DBA55E /* InsetFactView.swift in Sources */,
				62CF0D9C286CA5740068AE46 /* CoverImageView.swift in Sources */,
				62BC7C7E286E3C4A002A23A5 /* CenterMod.swift in Sources */,
				6217C2B0286CBA0E00B4B414 /* CoverImageModel.swift in Sources */,
				6217C2BA286CC49200B4B414 /* AnimalDetailView.swift in Sources */,
				6217C2B8286CC1C000B4B414 /* AnimalModel.swift in Sources */,
				62CF0D95286CA32B0068AE46 /* MapView.swift in Sources */,
				62BC7C60286DF905002A23A5 /* VideoPlayerHelper.swift in Sources */,
				62BC7C55286D107D002A23A5 /* InsetMapView.swift in Sources */,
				62CF0D64286C9F3F0068AE46 /* AfricaApp.swift in Sources */,
				62BC7C64286E03A9002A23A5 /* MapAnnotationView.swift in Sources */,
				62CF0D93286CA3090068AE46 /* VideoListView.swift in Sources */,
				62BC7C59286DE73B002A23A5 /* VideoModel.swift in Sources */,
				62CF0D97286CA33F0068AE46 /* GalleryView.swift in Sources */,
				62BC7C62286DFCA4002A23A5 /* LocationModel.swift in Sources */,
				62BC7C68286E23D9002A23A5 /* AnimalGridItemView.swift in Sources */,
				62638659286CD59700DBA55E /* InsetGalleryView.swift in Sources */,
				62BC7C5B286DE7A3002A23A5 /* VideoListItemView.swift in Sources */,
				62BC7C7B286E3A92002A23A5 /* CreditsView.swift in Sources */,
				6217C2B3286CBB3300B4B414 /* CodableBundleExtension.swift in Sources */,
				62BC7C66286E0EA3002A23A5 /* MotionAnimationView.swift in Sources */,
				6217C2BC286CC7ED00B4B414 /* HeadingView.swift in Sources */,
				62BC7C5D286DF7CB002A23A5 /* VideoPlayerView.swift in Sources */,
			);
			runOnlyForDeploymentPostprocessing = 0;
		};
/* End PBXSourcesBuildPhase section */

/* Begin PBXTargetDependency section */
		62BC7C74286E38BF002A23A5 /* PBXTargetDependency */ = {
			isa = PBXTargetDependency;
			platformFilter = ios;
			target = 62BC7C6D286E38BE002A23A5 /* Stickers */;
			targetProxy = 62BC7C73286E38BF002A23A5 /* PBXContainerItemProxy */;
		};
/* End PBXTargetDependency section */

/* Begin XCBuildConfiguration section */
		62BC7C77286E38BF002A23A5 /* Debug */ = {
			isa = XCBuildConfiguration;
			buildSettings = {
				ASSETCATALOG_COMPILER_APPICON_NAME = "iMessage App Icon";
				CODE_SIGN_STYLE = Automatic;
				CURRENT_PROJECT_VERSION = 1;
				GENERATE_INFOPLIST_FILE = YES;
				INFOPLIST_FILE = Stickers/Info.plist;
				INFOPLIST_KEY_CFBundleDisplayName = Africa;
				IPHONEOS_DEPLOYMENT_TARGET = 10.0;
				MARKETING_VERSION = 1.0;
				PRODUCT_BUNDLE_IDENTIFIER = com.mw.Africa.Stickers;
				PRODUCT_NAME = "$(TARGET_NAME)";
				SKIP_INSTALL = YES;
				SUPPORTS_MACCATALYST = NO;
				SWIFT_EMIT_LOC_STRINGS = YES;
				TARGETED_DEVICE_FAMILY = "1,2";
			};
			name = Debug;
		};
		62BC7C78286E38BF002A23A5 /* Release */ = {
			isa = XCBuildConfiguration;
			buildSettings = {
				ASSETCATALOG_COMPILER_APPICON_NAME = "iMessage App Icon";
				CODE_SIGN_STYLE = Automatic;
				CURRENT_PROJECT_VERSION = 1;
				GENERATE_INFOPLIST_FILE = YES;
				INFOPLIST_FILE = Stickers/Info.plist;
				INFOPLIST_KEY_CFBundleDisplayName = Africa;
				IPHONEOS_DEPLOYMENT_TARGET = 10.0;
				MARKETING_VERSION = 1.0;
				PRODUCT_BUNDLE_IDENTIFIER = com.mw.Africa.Stickers;
				PRODUCT_NAME = "$(TARGET_NAME)";
				SKIP_INSTALL = YES;
				SUPPORTS_MACCATALYST = NO;
				SWIFT_EMIT_LOC_STRINGS = YES;
				TARGETED_DEVICE_FAMILY = "1,2";
			};
			name = Release;
		};
		62CF0D6C286C9F400068AE46 /* Debug */ = {
			isa = XCBuildConfiguration;
			buildSettings = {
				ALWAYS_SEARCH_USER_PATHS = NO;
				CLANG_ANALYZER_NONNULL = YES;
				CLANG_ANALYZER_NUMBER_OBJECT_CONVERSION = YES_AGGRESSIVE;
				CLANG_CXX_LANGUAGE_STANDARD = "gnu++17";
				CLANG_ENABLE_MODULES = YES;
				CLANG_ENABLE_OBJC_ARC = YES;
				CLANG_ENABLE_OBJC_WEAK = YES;
				CLANG_WARN_BLOCK_CAPTURE_AUTORELEASING = YES;
				CLANG_WARN_BOOL_CONVERSION = YES;
				CLANG_WARN_COMMA = YES;
				CLANG_WARN_CONSTANT_CONVERSION = YES;
				CLANG_WARN_DEPRECATED_OBJC_IMPLEMENTATIONS = YES;
				CLANG_WARN_DIRECT_OBJC_ISA_USAGE = YES_ERROR;
				CLANG_WARN_DOCUMENTATION_COMMENTS = YES;
				CLANG_WARN_EMPTY_BODY = YES;
				CLANG_WARN_ENUM_CONVERSION = YES;
				CLANG_WARN_INFINITE_RECURSION = YES;
				CLANG_WARN_INT_CONVERSION = YES;
				CLANG_WARN_NON_LITERAL_NULL_CONVERSION = YES;
				CLANG_WARN_OBJC_IMPLICIT_RETAIN_SELF = YES;
				CLANG_WARN_OBJC_LITERAL_CONVERSION = YES;
				CLANG_WARN_OBJC_ROOT_CLASS = YES_ERROR;
				CLANG_WARN_QUOTED_INCLUDE_IN_FRAMEWORK_HEADER = YES;
				CLANG_WARN_RANGE_LOOP_ANALYSIS = YES;
				CLANG_WARN_STRICT_PROTOTYPES = YES;
				CLANG_WARN_SUSPICIOUS_MOVE = YES;
				CLANG_WARN_UNGUARDED_AVAILABILITY = YES_AGGRESSIVE;
				CLANG_WARN_UNREACHABLE_CODE = YES;
				CLANG_WARN__DUPLICATE_METHOD_MATCH = YES;
				COPY_PHASE_STRIP = NO;
				DEBUG_INFORMATION_FORMAT = dwarf;
				ENABLE_STRICT_OBJC_MSGSEND = YES;
				ENABLE_TESTABILITY = YES;
				GCC_C_LANGUAGE_STANDARD = gnu11;
				GCC_DYNAMIC_NO_PIC = NO;
				GCC_NO_COMMON_BLOCKS = YES;
				GCC_OPTIMIZATION_LEVEL = 0;
				GCC_PREPROCESSOR_DEFINITIONS = (
					"DEBUG=1",
					"$(inherited)",
				);
				GCC_WARN_64_TO_32_BIT_CONVERSION = YES;
				GCC_WARN_ABOUT_RETURN_TYPE = YES_ERROR;
				GCC_WARN_UNDECLARED_SELECTOR = YES;
				GCC_WARN_UNINITIALIZED_AUTOS = YES_AGGRESSIVE;
				GCC_WARN_UNUSED_FUNCTION = YES;
				GCC_WARN_UNUSED_VARIABLE = YES;
				IPHONEOS_DEPLOYMENT_TARGET = 15.4;
				MTL_ENABLE_DEBUG_INFO = INCLUDE_SOURCE;
				MTL_FAST_MATH = YES;
				ONLY_ACTIVE_ARCH = YES;
				SDKROOT = iphoneos;
				SWIFT_ACTIVE_COMPILATION_CONDITIONS = DEBUG;
				SWIFT_OPTIMIZATION_LEVEL = "-Onone";
			};
			name = Debug;
		};
		62CF0D6D286C9F400068AE46 /* Release */ = {
			isa = XCBuildConfiguration;
			buildSettings = {
				ALWAYS_SEARCH_USER_PATHS = NO;
				CLANG_ANALYZER_NONNULL = YES;
				CLANG_ANALYZER_NUMBER_OBJECT_CONVERSION = YES_AGGRESSIVE;
				CLANG_CXX_LANGUAGE_STANDARD = "gnu++17";
				CLANG_ENABLE_MODULES = YES;
				CLANG_ENABLE_OBJC_ARC = YES;
				CLANG_ENABLE_OBJC_WEAK = YES;
				CLANG_WARN_BLOCK_CAPTURE_AUTORELEASING = YES;
				CLANG_WARN_BOOL_CONVERSION = YES;
				CLANG_WARN_COMMA = YES;
				CLANG_WARN_CONSTANT_CONVERSION = YES;
				CLANG_WARN_DEPRECATED_OBJC_IMPLEMENTATIONS = YES;
				CLANG_WARN_DIRECT_OBJC_ISA_USAGE = YES_ERROR;
				CLANG_WARN_DOCUMENTATION_COMMENTS = YES;
				CLANG_WARN_EMPTY_BODY = YES;
				CLANG_WARN_ENUM_CONVERSION = YES;
				CLANG_WARN_INFINITE_RECURSION = YES;
				CLANG_WARN_INT_CONVERSION = YES;
				CLANG_WARN_NON_LITERAL_NULL_CONVERSION = YES;
				CLANG_WARN_OBJC_IMPLICIT_RETAIN_SELF = YES;
				CLANG_WARN_OBJC_LITERAL_CONVERSION = YES;
				CLANG_WARN_OBJC_ROOT_CLASS = YES_ERROR;
				CLANG_WARN_QUOTED_INCLUDE_IN_FRAMEWORK_HEADER = YES;
				CLANG_WARN_RANGE_LOOP_ANALYSIS = YES;
				CLANG_WARN_STRICT_PROTOTYPES = YES;
				CLANG_WARN_SUSPICIOUS_MOVE = YES;
				CLANG_WARN_UNGUARDED_AVAILABILITY = YES_AGGRESSIVE;
				CLANG_WARN_UNREACHABLE_CODE = YES;
				CLANG_WARN__DUPLICATE_METHOD_MATCH = YES;
				COPY_PHASE_STRIP = NO;
				DEBUG_INFORMATION_FORMAT = "dwarf-with-dsym";
				ENABLE_NS_ASSERTIONS = NO;
				ENABLE_STRICT_OBJC_MSGSEND = YES;
				GCC_C_LANGUAGE_STANDARD = gnu11;
				GCC_NO_COMMON_BLOCKS = YES;
				GCC_WARN_64_TO_32_BIT_CONVERSION = YES;
				GCC_WARN_ABOUT_RETURN_TYPE = YES_ERROR;
				GCC_WARN_UNDECLARED_SELECTOR = YES;
				GCC_WARN_UNINITIALIZED_AUTOS = YES_AGGRESSIVE;
				GCC_WARN_UNUSED_FUNCTION = YES;
				GCC_WARN_UNUSED_VARIABLE = YES;
				IPHONEOS_DEPLOYMENT_TARGET = 15.4;
				MTL_ENABLE_DEBUG_INFO = NO;
				MTL_FAST_MATH = YES;
				SDKROOT = iphoneos;
				SWIFT_COMPILATION_MODE = wholemodule;
				SWIFT_OPTIMIZATION_LEVEL = "-O";
				VALIDATE_PRODUCT = YES;
			};
			name = Release;
		};
		62CF0D6F286C9F400068AE46 /* Debug */ = {
			isa = XCBuildConfiguration;
			buildSettings = {
				ASSETCATALOG_COMPILER_APPICON_NAME = AppIcon;
				ASSETCATALOG_COMPILER_GLOBAL_ACCENT_COLOR_NAME = AccentColor;
				CODE_SIGN_ENTITLEMENTS = Africa/Africa.entitlements;
				CODE_SIGN_STYLE = Automatic;
				CURRENT_PROJECT_VERSION = 1;
				DEVELOPMENT_ASSET_PATHS = "\"Africa/Preview Content\"";
				ENABLE_PREVIEWS = YES;
				GENERATE_INFOPLIST_FILE = YES;
				INFOPLIST_FILE = Africa/Info.plist;
				INFOPLIST_KEY_UIApplicationSceneManifest_Generation = YES;
				INFOPLIST_KEY_UIApplicationSupportsIndirectInputEvents = YES;
				INFOPLIST_KEY_UISupportedInterfaceOrientations_iPad = "UIInterfaceOrientationPortrait UIInterfaceOrientationPortraitUpsideDown UIInterfaceOrientationLandscapeLeft UIInterfaceOrientationLandscapeRight";
				INFOPLIST_KEY_UISupportedInterfaceOrientations_iPhone = "UIInterfaceOrientationPortrait UIInterfaceOrientationLandscapeLeft UIInterfaceOrientationLandscapeRight";
				INFOPLIST_KEY_UIUserInterfaceStyle = Dark;
				LD_RUNPATH_SEARCH_PATHS = (
					"$(inherited)",
					"@executable_path/Frameworks",
				);
				MARKETING_VERSION = 1.0;
				PRODUCT_BUNDLE_IDENTIFIER = com.mw.Africa;
				PRODUCT_NAME = "$(TARGET_NAME)";
				SUPPORTS_MACCATALYST = YES;
				SWIFT_EMIT_LOC_STRINGS = YES;
				SWIFT_VERSION = 5.0;
				TARGETED_DEVICE_FAMILY = "1,2";
			};
			name = Debug;
		};
		62CF0D70286C9F400068AE46 /* Release */ = {
			isa = XCBuildConfiguration;
			buildSettings = {
				ASSETCATALOG_COMPILER_APPICON_NAME = AppIcon;
				ASSETCATALOG_COMPILER_GLOBAL_ACCENT_COLOR_NAME = AccentColor;
				CODE_SIGN_ENTITLEMENTS = Africa/Africa.entitlements;
				CODE_SIGN_STYLE = Automatic;
				CURRENT_PROJECT_VERSION = 1;
				DEVELOPMENT_ASSET_PATHS = "\"Africa/Preview Content\"";
				ENABLE_PREVIEWS = YES;
				GENERATE_INFOPLIST_FILE = YES;
				INFOPLIST_FILE = Africa/Info.plist;
				INFOPLIST_KEY_UIApplicationSceneManifest_Generation = YES;
				INFOPLIST_KEY_UIApplicationSupportsIndirectInputEvents = YES;
				INFOPLIST_KEY_UISupportedInterfaceOrientations_iPad = "UIInterfaceOrientationPortrait UIInterfaceOrientationPortraitUpsideDown UIInterfaceOrientationLandscapeLeft UIInterfaceOrientationLandscapeRight";
				INFOPLIST_KEY_UISupportedInterfaceOrientations_iPhone = "UIInterfaceOrientationPortrait UIInterfaceOrientationLandscapeLeft UIInterfaceOrientationLandscapeRight";
				INFOPLIST_KEY_UIUserInterfaceStyle = Dark;
				LD_RUNPATH_SEARCH_PATHS = (
					"$(inherited)",
					"@executable_path/Frameworks",
				);
				MARKETING_VERSION = 1.0;
				PRODUCT_BUNDLE_IDENTIFIER = com.mw.Africa;
				PRODUCT_NAME = "$(TARGET_NAME)";
				SUPPORTS_MACCATALYST = YES;
				SWIFT_EMIT_LOC_STRINGS = YES;
				SWIFT_VERSION = 5.0;
				TARGETED_DEVICE_FAMILY = "1,2";
			};
			name = Release;
		};
/* End XCBuildConfiguration section */

/* Begin XCConfigurationList section */
		62BC7C76286E38BF002A23A5 /* Build configuration list for PBXNativeTarget "Stickers" */ = {
			isa = XCConfigurationList;
			buildConfigurations = (
				62BC7C77286E38BF002A23A5 /* Debug */,
				62BC7C78286E38BF002A23A5 /* Release */,
			);
			defaultConfigurationIsVisible = 0;
			defaultConfigurationName = Release;
		};
		62CF0D5B286C9F3F0068AE46 /* Build configuration list for PBXProject "Africa" */ = {
			isa = XCConfigurationList;
			buildConfigurations = (
				62CF0D6C286C9F400068AE46 /* Debug */,
				62CF0D6D286C9F400068AE46 /* Release */,
			);
			defaultConfigurationIsVisible = 0;
			defaultConfigurationName = Release;
		};
		62CF0D6E286C9F400068AE46 /* Build configuration list for PBXNativeTarget "Africa" */ = {
			isa = XCConfigurationList;
			buildConfigurations = (
				62CF0D6F286C9F400068AE46 /* Debug */,
				62CF0D70286C9F400068AE46 /* Release */,
			);
			defaultConfigurationIsVisible = 0;
			defaultConfigurationName = Release;
		};
/* End XCConfigurationList section */
	};
	rootObject = 62CF0D58286C9F3F0068AE46 /* Project object */;
}
